
Microsoft Visual Studio Solution File, Format Version 12.00
# Visual Studio Version 16
VisualStudioVersion = 16.0.30114.105
MinimumVisualStudioVersion = 10.0.40219.1
Project("{2150E333-8FDC-42A3-9474-1A3956D46DE8}") = "Blazor", "Blazor", "{075822BE-1D39-4F1B-865B-74515CB93281}"
EndProject
Project("{9A19103F-16F7-4668-BE54-9A1E7A4F7556}") = "LightsOutPuzzle.Common", "LightsOutPuzzle.Common\LightsOutPuzzle.Common.csproj", "{BF23CAA3-1271-46C3-A724-EA7017AF917C}"
EndProject
Project("{2150E333-8FDC-42A3-9474-1A3956D46DE8}") = "Xamarin", "Xamarin", "{C0B132FA-CD1E-406A-9121-46985BBCD971}"
EndProject
Project("{9A19103F-16F7-4668-BE54-9A1E7A4F7556}") = "LightsOutPuzzle.Blazor", "LightsOutPuzzle.Blazor\LightsOutPuzzle.Blazor.csproj", "{243A95C3-4E54-44AC-A4AF-9F58DE29542E}"
EndProject
Project("{FAE04EC0-301F-11D3-BF4B-00C04F79EFBC}") = "LightsOutPuzzle.Xam.UWP", "LightsOutPuzzle.Xam\LightsOutPuzzle.Xam.UWP\LightsOutPuzzle.Xam.UWP.csproj", "{B25BF5FA-6EBF-4FDE-AF34-260EEB405C54}"
EndProject
Project("{FAE04EC0-301F-11D3-BF4B-00C04F79EFBC}") = "LightsOutPuzzle.Xam.Android", "LightsOutPuzzle.Xam\LightsOutPuzzle.Xam.Android\LightsOutPuzzle.Xam.Android.csproj", "{8F9CB867-EDB1-49ED-9F0A-92E3789BC28F}"
EndProject
Project("{FAE04EC0-301F-11D3-BF4B-00C04F79EFBC}") = "LightsOutPuzzle.Xam.iOS", "LightsOutPuzzle.Xam\LightsOutPuzzle.Xam.iOS\LightsOutPuzzle.Xam.iOS.csproj", "{4CEEC18C-8449-454A-BDAB-D0AEC641F753}"
EndProject
Project("{9A19103F-16F7-4668-BE54-9A1E7A4F7556}") = "LightsOutPuzzle.Xam", "LightsOutPuzzle.Xam\LightsOutPuzzle.Xam\LightsOutPuzzle.Xam.csproj", "{75998859-E2E1-417E-8AE0-8A59EB6FE297}"
EndProject
Project("{2150E333-8FDC-42A3-9474-1A3956D46DE8}") = "Solution Items", "Solution Items", "{D61016C4-6EFA-4D2D-95F3-5185375057E6}"
	ProjectSection(SolutionItems) = preProject
		.editorconfig = .editorconfig
		.gitignore = .gitignore
		cleanBin.ps1 = cleanBin.ps1
		global.json = global.json
		README.md = README.md
	EndProjectSection
EndProject
Project("{9A19103F-16F7-4668-BE54-9A1E7A4F7556}") = "LightsOutPuzzle.OouiWasm", "LightsOutPuzzle.Ooui\LightsOutPuzzle.OouiWasm.csproj", "{2D497D17-1289-4DB6-84E3-29B18E650BEA}"
EndProject
Project("{2150E333-8FDC-42A3-9474-1A3956D46DE8}") = "Ooui", "Ooui", "{C66EC205-358D-4787-9D09-3500EAF1131A}"
EndProject
Project("{2150E333-8FDC-42A3-9474-1A3956D46DE8}") = "Fabulous", "Fabulous", "{D4BC3A5D-C230-4A20-B96A-B6917A2C62CC}"
EndProject
Project("{6EC3EE1D-3C4E-46DD-8F32-0CC8E7565705}") = "LightsOutPuzzle.Fabulous", "LightsOutPuzzle.Fabulous\LightsOutPuzzle.Fabulous\LightsOutPuzzle.Fabulous.fsproj", "{AA53EF41-8597-409F-A813-37B4E2C4B65D}"
EndProject
Project("{F2A71F9B-5D33-465A-A702-920D77279786}") = "LightsOutPuzzle.Fabulous.Android", "LightsOutPuzzle.Fabulous\LightsOutPuzzle.Fabulous.Android\LightsOutPuzzle.Fabulous.Android.fsproj", "{0C0B69A7-7DA7-4EBB-8842-70301FBF7925}"
EndProject
Project("{F2A71F9B-5D33-465A-A702-920D77279786}") = "LightsOutPuzzle.Fabulous.Gtk", "LightsOutPuzzle.Fabulous\LightsOutPuzzle.Fabulous.Gtk\LightsOutPuzzle.Fabulous.Gtk.fsproj", "{C6A6BA94-897C-48B5-8046-3DF33897BA94}"
EndProject
Project("{F2A71F9B-5D33-465A-A702-920D77279786}") = "LightsOutPuzzle.Fabulous.iOS", "LightsOutPuzzle.Fabulous\LightsOutPuzzle.Fabulous.iOS\LightsOutPuzzle.Fabulous.iOS.fsproj", "{FD6C4559-5E95-43E9-A810-FC338391BE0A}"
EndProject
Project("{F2A71F9B-5D33-465A-A702-920D77279786}") = "LightsOutPuzzle.Fabulous.macOS", "LightsOutPuzzle.Fabulous\LightsOutPuzzle.Fabulous.macOS\LightsOutPuzzle.Fabulous.macOS.fsproj", "{DD943C1C-E8DE-4673-BCF4-CF274E06E36B}"
EndProject
Project("{FAE04EC0-301F-11D3-BF4B-00C04F79EFBC}") = "LightsOutPuzzle.Fabulous.UWP", "LightsOutPuzzle.Fabulous\LightsOutPuzzle.Fabulous.UWP\LightsOutPuzzle.Fabulous.UWP.csproj", "{0701BD1E-31A3-48E6-81B9-9C5B00584909}"
EndProject
Project("{6EC3EE1D-3C4E-46DD-8F32-0CC8E7565705}") = "LightsOutPuzzle.Fabulous.WPF", "LightsOutPuzzle.Fabulous\LightsOutPuzzle.Fabulous.WPF\LightsOutPuzzle.Fabulous.WPF.fsproj", "{CCEEC157-8B9C-4A1B-8B0C-CAA120A28337}"
EndProject
Global
	GlobalSection(SolutionConfigurationPlatforms) = preSolution
		Ad-Hoc|Any CPU = Ad-Hoc|Any CPU
		Ad-Hoc|ARM = Ad-Hoc|ARM
		Ad-Hoc|ARM64 = Ad-Hoc|ARM64
		Ad-Hoc|iPhone = Ad-Hoc|iPhone
		Ad-Hoc|iPhoneSimulator = Ad-Hoc|iPhoneSimulator
		Ad-Hoc|x64 = Ad-Hoc|x64
		Ad-Hoc|x86 = Ad-Hoc|x86
		AppStore|Any CPU = AppStore|Any CPU
		AppStore|ARM = AppStore|ARM
		AppStore|ARM64 = AppStore|ARM64
		AppStore|iPhone = AppStore|iPhone
		AppStore|iPhoneSimulator = AppStore|iPhoneSimulator
		AppStore|x64 = AppStore|x64
		AppStore|x86 = AppStore|x86
		Blazor|Any CPU = Blazor|Any CPU
		Blazor|ARM = Blazor|ARM
		Blazor|ARM64 = Blazor|ARM64
		Blazor|iPhone = Blazor|iPhone
		Blazor|iPhoneSimulator = Blazor|iPhoneSimulator
		Blazor|x64 = Blazor|x64
		Blazor|x86 = Blazor|x86
		Debug|Any CPU = Debug|Any CPU
		Debug|ARM = Debug|ARM
		Debug|ARM64 = Debug|ARM64
		Debug|iPhone = Debug|iPhone
		Debug|iPhoneSimulator = Debug|iPhoneSimulator
		Debug|x64 = Debug|x64
		Debug|x86 = Debug|x86
		Release|Any CPU = Release|Any CPU
		Release|ARM = Release|ARM
		Release|ARM64 = Release|ARM64
		Release|iPhone = Release|iPhone
		Release|iPhoneSimulator = Release|iPhoneSimulator
		Release|x64 = Release|x64
		Release|x86 = Release|x86
	EndGlobalSection
	GlobalSection(ProjectConfigurationPlatforms) = postSolution
		{BF23CAA3-1271-46C3-A724-EA7017AF917C}.Ad-Hoc|Any CPU.ActiveCfg = Debug|Any CPU
		{BF23CAA3-1271-46C3-A724-EA7017AF917C}.Ad-Hoc|Any CPU.Build.0 = Debug|Any CPU
		{BF23CAA3-1271-46C3-A724-EA7017AF917C}.Ad-Hoc|ARM.ActiveCfg = Debug|Any CPU
		{BF23CAA3-1271-46C3-A724-EA7017AF917C}.Ad-Hoc|ARM.Build.0 = Debug|Any CPU
		{BF23CAA3-1271-46C3-A724-EA7017AF917C}.Ad-Hoc|ARM64.ActiveCfg = Release|Any CPU
		{BF23CAA3-1271-46C3-A724-EA7017AF917C}.Ad-Hoc|ARM64.Build.0 = Release|Any CPU
		{BF23CAA3-1271-46C3-A724-EA7017AF917C}.Ad-Hoc|iPhone.ActiveCfg = Debug|Any CPU
		{BF23CAA3-1271-46C3-A724-EA7017AF917C}.Ad-Hoc|iPhone.Build.0 = Debug|Any CPU
		{BF23CAA3-1271-46C3-A724-EA7017AF917C}.Ad-Hoc|iPhoneSimulator.ActiveCfg = Debug|Any CPU
		{BF23CAA3-1271-46C3-A724-EA7017AF917C}.Ad-Hoc|iPhoneSimulator.Build.0 = Debug|Any CPU
		{BF23CAA3-1271-46C3-A724-EA7017AF917C}.Ad-Hoc|x64.ActiveCfg = Debug|Any CPU
		{BF23CAA3-1271-46C3-A724-EA7017AF917C}.Ad-Hoc|x64.Build.0 = Debug|Any CPU
		{BF23CAA3-1271-46C3-A724-EA7017AF917C}.Ad-Hoc|x86.ActiveCfg = Debug|Any CPU
		{BF23CAA3-1271-46C3-A724-EA7017AF917C}.Ad-Hoc|x86.Build.0 = Debug|Any CPU
		{BF23CAA3-1271-46C3-A724-EA7017AF917C}.AppStore|Any CPU.ActiveCfg = Debug|Any CPU
		{BF23CAA3-1271-46C3-A724-EA7017AF917C}.AppStore|Any CPU.Build.0 = Debug|Any CPU
		{BF23CAA3-1271-46C3-A724-EA7017AF917C}.AppStore|ARM.ActiveCfg = Debug|Any CPU
		{BF23CAA3-1271-46C3-A724-EA7017AF917C}.AppStore|ARM.Build.0 = Debug|Any CPU
		{BF23CAA3-1271-46C3-A724-EA7017AF917C}.AppStore|ARM64.ActiveCfg = Release|Any CPU
		{BF23CAA3-1271-46C3-A724-EA7017AF917C}.AppStore|ARM64.Build.0 = Release|Any CPU
		{BF23CAA3-1271-46C3-A724-EA7017AF917C}.AppStore|iPhone.ActiveCfg = Debug|Any CPU
		{BF23CAA3-1271-46C3-A724-EA7017AF917C}.AppStore|iPhone.Build.0 = Debug|Any CPU
		{BF23CAA3-1271-46C3-A724-EA7017AF917C}.AppStore|iPhoneSimulator.ActiveCfg = Debug|Any CPU
		{BF23CAA3-1271-46C3-A724-EA7017AF917C}.AppStore|iPhoneSimulator.Build.0 = Debug|Any CPU
		{BF23CAA3-1271-46C3-A724-EA7017AF917C}.AppStore|x64.ActiveCfg = Debug|Any CPU
		{BF23CAA3-1271-46C3-A724-EA7017AF917C}.AppStore|x64.Build.0 = Debug|Any CPU
		{BF23CAA3-1271-46C3-A724-EA7017AF917C}.AppStore|x86.ActiveCfg = Debug|Any CPU
		{BF23CAA3-1271-46C3-A724-EA7017AF917C}.AppStore|x86.Build.0 = Debug|Any CPU
		{BF23CAA3-1271-46C3-A724-EA7017AF917C}.Blazor|Any CPU.ActiveCfg = Debug|Any CPU
		{BF23CAA3-1271-46C3-A724-EA7017AF917C}.Blazor|Any CPU.Build.0 = Debug|Any CPU
		{BF23CAA3-1271-46C3-A724-EA7017AF917C}.Blazor|ARM.ActiveCfg = Debug|Any CPU
		{BF23CAA3-1271-46C3-A724-EA7017AF917C}.Blazor|ARM.Build.0 = Debug|Any CPU
		{BF23CAA3-1271-46C3-A724-EA7017AF917C}.Blazor|ARM64.ActiveCfg = Release|Any CPU
		{BF23CAA3-1271-46C3-A724-EA7017AF917C}.Blazor|ARM64.Build.0 = Release|Any CPU
		{BF23CAA3-1271-46C3-A724-EA7017AF917C}.Blazor|iPhone.ActiveCfg = Debug|Any CPU
		{BF23CAA3-1271-46C3-A724-EA7017AF917C}.Blazor|iPhone.Build.0 = Debug|Any CPU
		{BF23CAA3-1271-46C3-A724-EA7017AF917C}.Blazor|iPhoneSimulator.ActiveCfg = Debug|Any CPU
		{BF23CAA3-1271-46C3-A724-EA7017AF917C}.Blazor|iPhoneSimulator.Build.0 = Debug|Any CPU
		{BF23CAA3-1271-46C3-A724-EA7017AF917C}.Blazor|x64.ActiveCfg = Debug|Any CPU
		{BF23CAA3-1271-46C3-A724-EA7017AF917C}.Blazor|x64.Build.0 = Debug|Any CPU
		{BF23CAA3-1271-46C3-A724-EA7017AF917C}.Blazor|x86.ActiveCfg = Debug|Any CPU
		{BF23CAA3-1271-46C3-A724-EA7017AF917C}.Blazor|x86.Build.0 = Debug|Any CPU
		{BF23CAA3-1271-46C3-A724-EA7017AF917C}.Debug|Any CPU.ActiveCfg = Debug|Any CPU
		{BF23CAA3-1271-46C3-A724-EA7017AF917C}.Debug|Any CPU.Build.0 = Debug|Any CPU
		{BF23CAA3-1271-46C3-A724-EA7017AF917C}.Debug|ARM.ActiveCfg = Debug|Any CPU
		{BF23CAA3-1271-46C3-A724-EA7017AF917C}.Debug|ARM.Build.0 = Debug|Any CPU
		{BF23CAA3-1271-46C3-A724-EA7017AF917C}.Debug|ARM64.ActiveCfg = Debug|Any CPU
		{BF23CAA3-1271-46C3-A724-EA7017AF917C}.Debug|ARM64.Build.0 = Debug|Any CPU
		{BF23CAA3-1271-46C3-A724-EA7017AF917C}.Debug|iPhone.ActiveCfg = Debug|Any CPU
		{BF23CAA3-1271-46C3-A724-EA7017AF917C}.Debug|iPhone.Build.0 = Debug|Any CPU
		{BF23CAA3-1271-46C3-A724-EA7017AF917C}.Debug|iPhoneSimulator.ActiveCfg = Debug|Any CPU
		{BF23CAA3-1271-46C3-A724-EA7017AF917C}.Debug|iPhoneSimulator.Build.0 = Debug|Any CPU
		{BF23CAA3-1271-46C3-A724-EA7017AF917C}.Debug|x64.ActiveCfg = Debug|Any CPU
		{BF23CAA3-1271-46C3-A724-EA7017AF917C}.Debug|x64.Build.0 = Debug|Any CPU
		{BF23CAA3-1271-46C3-A724-EA7017AF917C}.Debug|x86.ActiveCfg = Debug|Any CPU
		{BF23CAA3-1271-46C3-A724-EA7017AF917C}.Debug|x86.Build.0 = Debug|Any CPU
		{BF23CAA3-1271-46C3-A724-EA7017AF917C}.Release|Any CPU.ActiveCfg = Release|Any CPU
		{BF23CAA3-1271-46C3-A724-EA7017AF917C}.Release|Any CPU.Build.0 = Release|Any CPU
		{BF23CAA3-1271-46C3-A724-EA7017AF917C}.Release|ARM.ActiveCfg = Release|Any CPU
		{BF23CAA3-1271-46C3-A724-EA7017AF917C}.Release|ARM.Build.0 = Release|Any CPU
		{BF23CAA3-1271-46C3-A724-EA7017AF917C}.Release|ARM64.ActiveCfg = Release|Any CPU
		{BF23CAA3-1271-46C3-A724-EA7017AF917C}.Release|ARM64.Build.0 = Release|Any CPU
		{BF23CAA3-1271-46C3-A724-EA7017AF917C}.Release|iPhone.ActiveCfg = Release|Any CPU
		{BF23CAA3-1271-46C3-A724-EA7017AF917C}.Release|iPhone.Build.0 = Release|Any CPU
		{BF23CAA3-1271-46C3-A724-EA7017AF917C}.Release|iPhoneSimulator.ActiveCfg = Release|Any CPU
		{BF23CAA3-1271-46C3-A724-EA7017AF917C}.Release|iPhoneSimulator.Build.0 = Release|Any CPU
		{BF23CAA3-1271-46C3-A724-EA7017AF917C}.Release|x64.ActiveCfg = Release|Any CPU
		{BF23CAA3-1271-46C3-A724-EA7017AF917C}.Release|x64.Build.0 = Release|Any CPU
		{BF23CAA3-1271-46C3-A724-EA7017AF917C}.Release|x86.ActiveCfg = Release|Any CPU
		{BF23CAA3-1271-46C3-A724-EA7017AF917C}.Release|x86.Build.0 = Release|Any CPU
		{243A95C3-4E54-44AC-A4AF-9F58DE29542E}.Ad-Hoc|Any CPU.ActiveCfg = Debug|Any CPU
		{243A95C3-4E54-44AC-A4AF-9F58DE29542E}.Ad-Hoc|Any CPU.Build.0 = Debug|Any CPU
		{243A95C3-4E54-44AC-A4AF-9F58DE29542E}.Ad-Hoc|ARM.ActiveCfg = Debug|Any CPU
		{243A95C3-4E54-44AC-A4AF-9F58DE29542E}.Ad-Hoc|ARM.Build.0 = Debug|Any CPU
		{243A95C3-4E54-44AC-A4AF-9F58DE29542E}.Ad-Hoc|ARM64.ActiveCfg = Release|Any CPU
		{243A95C3-4E54-44AC-A4AF-9F58DE29542E}.Ad-Hoc|ARM64.Build.0 = Release|Any CPU
		{243A95C3-4E54-44AC-A4AF-9F58DE29542E}.Ad-Hoc|iPhone.ActiveCfg = Debug|Any CPU
		{243A95C3-4E54-44AC-A4AF-9F58DE29542E}.Ad-Hoc|iPhone.Build.0 = Debug|Any CPU
		{243A95C3-4E54-44AC-A4AF-9F58DE29542E}.Ad-Hoc|iPhoneSimulator.ActiveCfg = Debug|Any CPU
		{243A95C3-4E54-44AC-A4AF-9F58DE29542E}.Ad-Hoc|iPhoneSimulator.Build.0 = Debug|Any CPU
		{243A95C3-4E54-44AC-A4AF-9F58DE29542E}.Ad-Hoc|x64.ActiveCfg = Debug|Any CPU
		{243A95C3-4E54-44AC-A4AF-9F58DE29542E}.Ad-Hoc|x64.Build.0 = Debug|Any CPU
		{243A95C3-4E54-44AC-A4AF-9F58DE29542E}.Ad-Hoc|x86.ActiveCfg = Debug|Any CPU
		{243A95C3-4E54-44AC-A4AF-9F58DE29542E}.Ad-Hoc|x86.Build.0 = Debug|Any CPU
		{243A95C3-4E54-44AC-A4AF-9F58DE29542E}.AppStore|Any CPU.ActiveCfg = Debug|Any CPU
		{243A95C3-4E54-44AC-A4AF-9F58DE29542E}.AppStore|Any CPU.Build.0 = Debug|Any CPU
		{243A95C3-4E54-44AC-A4AF-9F58DE29542E}.AppStore|ARM.ActiveCfg = Debug|Any CPU
		{243A95C3-4E54-44AC-A4AF-9F58DE29542E}.AppStore|ARM.Build.0 = Debug|Any CPU
		{243A95C3-4E54-44AC-A4AF-9F58DE29542E}.AppStore|ARM64.ActiveCfg = Release|Any CPU
		{243A95C3-4E54-44AC-A4AF-9F58DE29542E}.AppStore|ARM64.Build.0 = Release|Any CPU
		{243A95C3-4E54-44AC-A4AF-9F58DE29542E}.AppStore|iPhone.ActiveCfg = Debug|Any CPU
		{243A95C3-4E54-44AC-A4AF-9F58DE29542E}.AppStore|iPhone.Build.0 = Debug|Any CPU
		{243A95C3-4E54-44AC-A4AF-9F58DE29542E}.AppStore|iPhoneSimulator.ActiveCfg = Debug|Any CPU
		{243A95C3-4E54-44AC-A4AF-9F58DE29542E}.AppStore|iPhoneSimulator.Build.0 = Debug|Any CPU
		{243A95C3-4E54-44AC-A4AF-9F58DE29542E}.AppStore|x64.ActiveCfg = Debug|Any CPU
		{243A95C3-4E54-44AC-A4AF-9F58DE29542E}.AppStore|x64.Build.0 = Debug|Any CPU
		{243A95C3-4E54-44AC-A4AF-9F58DE29542E}.AppStore|x86.ActiveCfg = Debug|Any CPU
		{243A95C3-4E54-44AC-A4AF-9F58DE29542E}.AppStore|x86.Build.0 = Debug|Any CPU
		{243A95C3-4E54-44AC-A4AF-9F58DE29542E}.Blazor|Any CPU.ActiveCfg = Debug|Any CPU
		{243A95C3-4E54-44AC-A4AF-9F58DE29542E}.Blazor|Any CPU.Build.0 = Debug|Any CPU
		{243A95C3-4E54-44AC-A4AF-9F58DE29542E}.Blazor|ARM.ActiveCfg = Debug|Any CPU
		{243A95C3-4E54-44AC-A4AF-9F58DE29542E}.Blazor|ARM.Build.0 = Debug|Any CPU
		{243A95C3-4E54-44AC-A4AF-9F58DE29542E}.Blazor|ARM64.ActiveCfg = Release|Any CPU
		{243A95C3-4E54-44AC-A4AF-9F58DE29542E}.Blazor|ARM64.Build.0 = Release|Any CPU
		{243A95C3-4E54-44AC-A4AF-9F58DE29542E}.Blazor|iPhone.ActiveCfg = Debug|Any CPU
		{243A95C3-4E54-44AC-A4AF-9F58DE29542E}.Blazor|iPhone.Build.0 = Debug|Any CPU
		{243A95C3-4E54-44AC-A4AF-9F58DE29542E}.Blazor|iPhoneSimulator.ActiveCfg = Debug|Any CPU
		{243A95C3-4E54-44AC-A4AF-9F58DE29542E}.Blazor|iPhoneSimulator.Build.0 = Debug|Any CPU
		{243A95C3-4E54-44AC-A4AF-9F58DE29542E}.Blazor|x64.ActiveCfg = Debug|Any CPU
		{243A95C3-4E54-44AC-A4AF-9F58DE29542E}.Blazor|x64.Build.0 = Debug|Any CPU
		{243A95C3-4E54-44AC-A4AF-9F58DE29542E}.Blazor|x86.ActiveCfg = Debug|Any CPU
		{243A95C3-4E54-44AC-A4AF-9F58DE29542E}.Blazor|x86.Build.0 = Debug|Any CPU
		{243A95C3-4E54-44AC-A4AF-9F58DE29542E}.Debug|Any CPU.ActiveCfg = Debug|Any CPU
		{243A95C3-4E54-44AC-A4AF-9F58DE29542E}.Debug|Any CPU.Build.0 = Debug|Any CPU
		{243A95C3-4E54-44AC-A4AF-9F58DE29542E}.Debug|ARM.ActiveCfg = Debug|Any CPU
		{243A95C3-4E54-44AC-A4AF-9F58DE29542E}.Debug|ARM.Build.0 = Debug|Any CPU
		{243A95C3-4E54-44AC-A4AF-9F58DE29542E}.Debug|ARM64.ActiveCfg = Debug|Any CPU
		{243A95C3-4E54-44AC-A4AF-9F58DE29542E}.Debug|ARM64.Build.0 = Debug|Any CPU
		{243A95C3-4E54-44AC-A4AF-9F58DE29542E}.Debug|iPhone.ActiveCfg = Debug|Any CPU
		{243A95C3-4E54-44AC-A4AF-9F58DE29542E}.Debug|iPhone.Build.0 = Debug|Any CPU
		{243A95C3-4E54-44AC-A4AF-9F58DE29542E}.Debug|iPhoneSimulator.ActiveCfg = Debug|Any CPU
		{243A95C3-4E54-44AC-A4AF-9F58DE29542E}.Debug|iPhoneSimulator.Build.0 = Debug|Any CPU
		{243A95C3-4E54-44AC-A4AF-9F58DE29542E}.Debug|x64.ActiveCfg = Debug|Any CPU
		{243A95C3-4E54-44AC-A4AF-9F58DE29542E}.Debug|x64.Build.0 = Debug|Any CPU
		{243A95C3-4E54-44AC-A4AF-9F58DE29542E}.Debug|x86.ActiveCfg = Debug|Any CPU
		{243A95C3-4E54-44AC-A4AF-9F58DE29542E}.Debug|x86.Build.0 = Debug|Any CPU
		{243A95C3-4E54-44AC-A4AF-9F58DE29542E}.Release|Any CPU.ActiveCfg = Release|Any CPU
		{243A95C3-4E54-44AC-A4AF-9F58DE29542E}.Release|Any CPU.Build.0 = Release|Any CPU
		{243A95C3-4E54-44AC-A4AF-9F58DE29542E}.Release|ARM.ActiveCfg = Release|Any CPU
		{243A95C3-4E54-44AC-A4AF-9F58DE29542E}.Release|ARM.Build.0 = Release|Any CPU
		{243A95C3-4E54-44AC-A4AF-9F58DE29542E}.Release|ARM64.ActiveCfg = Release|Any CPU
		{243A95C3-4E54-44AC-A4AF-9F58DE29542E}.Release|ARM64.Build.0 = Release|Any CPU
		{243A95C3-4E54-44AC-A4AF-9F58DE29542E}.Release|iPhone.ActiveCfg = Release|Any CPU
		{243A95C3-4E54-44AC-A4AF-9F58DE29542E}.Release|iPhone.Build.0 = Release|Any CPU
		{243A95C3-4E54-44AC-A4AF-9F58DE29542E}.Release|iPhoneSimulator.ActiveCfg = Release|Any CPU
		{243A95C3-4E54-44AC-A4AF-9F58DE29542E}.Release|iPhoneSimulator.Build.0 = Release|Any CPU
		{243A95C3-4E54-44AC-A4AF-9F58DE29542E}.Release|x64.ActiveCfg = Release|Any CPU
		{243A95C3-4E54-44AC-A4AF-9F58DE29542E}.Release|x64.Build.0 = Release|Any CPU
		{243A95C3-4E54-44AC-A4AF-9F58DE29542E}.Release|x86.ActiveCfg = Release|Any CPU
		{243A95C3-4E54-44AC-A4AF-9F58DE29542E}.Release|x86.Build.0 = Release|Any CPU
		{B25BF5FA-6EBF-4FDE-AF34-260EEB405C54}.Ad-Hoc|Any CPU.ActiveCfg = Release|x86
		{B25BF5FA-6EBF-4FDE-AF34-260EEB405C54}.Ad-Hoc|Any CPU.Build.0 = Release|x86
		{B25BF5FA-6EBF-4FDE-AF34-260EEB405C54}.Ad-Hoc|Any CPU.Deploy.0 = Release|x86
		{B25BF5FA-6EBF-4FDE-AF34-260EEB405C54}.Ad-Hoc|ARM.ActiveCfg = Release|ARM
		{B25BF5FA-6EBF-4FDE-AF34-260EEB405C54}.Ad-Hoc|ARM.Build.0 = Release|ARM
		{B25BF5FA-6EBF-4FDE-AF34-260EEB405C54}.Ad-Hoc|ARM.Deploy.0 = Release|ARM
		{B25BF5FA-6EBF-4FDE-AF34-260EEB405C54}.Ad-Hoc|ARM64.ActiveCfg = Debug|x64
		{B25BF5FA-6EBF-4FDE-AF34-260EEB405C54}.Ad-Hoc|ARM64.Build.0 = Debug|x64
		{B25BF5FA-6EBF-4FDE-AF34-260EEB405C54}.Ad-Hoc|ARM64.Deploy.0 = Debug|x64
		{B25BF5FA-6EBF-4FDE-AF34-260EEB405C54}.Ad-Hoc|iPhone.ActiveCfg = Release|x86
		{B25BF5FA-6EBF-4FDE-AF34-260EEB405C54}.Ad-Hoc|iPhone.Build.0 = Release|x86
		{B25BF5FA-6EBF-4FDE-AF34-260EEB405C54}.Ad-Hoc|iPhone.Deploy.0 = Release|x86
		{B25BF5FA-6EBF-4FDE-AF34-260EEB405C54}.Ad-Hoc|iPhoneSimulator.ActiveCfg = Release|x86
		{B25BF5FA-6EBF-4FDE-AF34-260EEB405C54}.Ad-Hoc|iPhoneSimulator.Build.0 = Release|x86
		{B25BF5FA-6EBF-4FDE-AF34-260EEB405C54}.Ad-Hoc|iPhoneSimulator.Deploy.0 = Release|x86
		{B25BF5FA-6EBF-4FDE-AF34-260EEB405C54}.Ad-Hoc|x64.ActiveCfg = Release|x64
		{B25BF5FA-6EBF-4FDE-AF34-260EEB405C54}.Ad-Hoc|x64.Build.0 = Release|x64
		{B25BF5FA-6EBF-4FDE-AF34-260EEB405C54}.Ad-Hoc|x64.Deploy.0 = Release|x64
		{B25BF5FA-6EBF-4FDE-AF34-260EEB405C54}.Ad-Hoc|x86.ActiveCfg = Release|x86
		{B25BF5FA-6EBF-4FDE-AF34-260EEB405C54}.Ad-Hoc|x86.Build.0 = Release|x86
		{B25BF5FA-6EBF-4FDE-AF34-260EEB405C54}.Ad-Hoc|x86.Deploy.0 = Release|x86
		{B25BF5FA-6EBF-4FDE-AF34-260EEB405C54}.AppStore|Any CPU.ActiveCfg = Release|x86
		{B25BF5FA-6EBF-4FDE-AF34-260EEB405C54}.AppStore|Any CPU.Build.0 = Release|x86
		{B25BF5FA-6EBF-4FDE-AF34-260EEB405C54}.AppStore|Any CPU.Deploy.0 = Release|x86
		{B25BF5FA-6EBF-4FDE-AF34-260EEB405C54}.AppStore|ARM.ActiveCfg = Release|ARM
		{B25BF5FA-6EBF-4FDE-AF34-260EEB405C54}.AppStore|ARM.Build.0 = Release|ARM
		{B25BF5FA-6EBF-4FDE-AF34-260EEB405C54}.AppStore|ARM.Deploy.0 = Release|ARM
		{B25BF5FA-6EBF-4FDE-AF34-260EEB405C54}.AppStore|ARM64.ActiveCfg = Debug|x64
		{B25BF5FA-6EBF-4FDE-AF34-260EEB405C54}.AppStore|ARM64.Build.0 = Debug|x64
		{B25BF5FA-6EBF-4FDE-AF34-260EEB405C54}.AppStore|ARM64.Deploy.0 = Debug|x64
		{B25BF5FA-6EBF-4FDE-AF34-260EEB405C54}.AppStore|iPhone.ActiveCfg = Release|x86
		{B25BF5FA-6EBF-4FDE-AF34-260EEB405C54}.AppStore|iPhone.Build.0 = Release|x86
		{B25BF5FA-6EBF-4FDE-AF34-260EEB405C54}.AppStore|iPhone.Deploy.0 = Release|x86
		{B25BF5FA-6EBF-4FDE-AF34-260EEB405C54}.AppStore|iPhoneSimulator.ActiveCfg = Release|x86
		{B25BF5FA-6EBF-4FDE-AF34-260EEB405C54}.AppStore|iPhoneSimulator.Build.0 = Release|x86
		{B25BF5FA-6EBF-4FDE-AF34-260EEB405C54}.AppStore|iPhoneSimulator.Deploy.0 = Release|x86
		{B25BF5FA-6EBF-4FDE-AF34-260EEB405C54}.AppStore|x64.ActiveCfg = Release|x64
		{B25BF5FA-6EBF-4FDE-AF34-260EEB405C54}.AppStore|x64.Build.0 = Release|x64
		{B25BF5FA-6EBF-4FDE-AF34-260EEB405C54}.AppStore|x64.Deploy.0 = Release|x64
		{B25BF5FA-6EBF-4FDE-AF34-260EEB405C54}.AppStore|x86.ActiveCfg = Release|x86
		{B25BF5FA-6EBF-4FDE-AF34-260EEB405C54}.AppStore|x86.Build.0 = Release|x86
		{B25BF5FA-6EBF-4FDE-AF34-260EEB405C54}.AppStore|x86.Deploy.0 = Release|x86
		{B25BF5FA-6EBF-4FDE-AF34-260EEB405C54}.Blazor|Any CPU.ActiveCfg = Release|x86
		{B25BF5FA-6EBF-4FDE-AF34-260EEB405C54}.Blazor|Any CPU.Build.0 = Release|x86
		{B25BF5FA-6EBF-4FDE-AF34-260EEB405C54}.Blazor|Any CPU.Deploy.0 = Release|x86
		{B25BF5FA-6EBF-4FDE-AF34-260EEB405C54}.Blazor|ARM.ActiveCfg = Release|ARM
		{B25BF5FA-6EBF-4FDE-AF34-260EEB405C54}.Blazor|ARM.Build.0 = Release|ARM
		{B25BF5FA-6EBF-4FDE-AF34-260EEB405C54}.Blazor|ARM.Deploy.0 = Release|ARM
		{B25BF5FA-6EBF-4FDE-AF34-260EEB405C54}.Blazor|ARM64.ActiveCfg = Debug|x64
		{B25BF5FA-6EBF-4FDE-AF34-260EEB405C54}.Blazor|ARM64.Build.0 = Debug|x64
		{B25BF5FA-6EBF-4FDE-AF34-260EEB405C54}.Blazor|ARM64.Deploy.0 = Debug|x64
		{B25BF5FA-6EBF-4FDE-AF34-260EEB405C54}.Blazor|iPhone.ActiveCfg = Release|x86
		{B25BF5FA-6EBF-4FDE-AF34-260EEB405C54}.Blazor|iPhone.Build.0 = Release|x86
		{B25BF5FA-6EBF-4FDE-AF34-260EEB405C54}.Blazor|iPhone.Deploy.0 = Release|x86
		{B25BF5FA-6EBF-4FDE-AF34-260EEB405C54}.Blazor|iPhoneSimulator.ActiveCfg = Release|x86
		{B25BF5FA-6EBF-4FDE-AF34-260EEB405C54}.Blazor|iPhoneSimulator.Build.0 = Release|x86
		{B25BF5FA-6EBF-4FDE-AF34-260EEB405C54}.Blazor|iPhoneSimulator.Deploy.0 = Release|x86
		{B25BF5FA-6EBF-4FDE-AF34-260EEB405C54}.Blazor|x64.ActiveCfg = Release|x64
		{B25BF5FA-6EBF-4FDE-AF34-260EEB405C54}.Blazor|x64.Build.0 = Release|x64
		{B25BF5FA-6EBF-4FDE-AF34-260EEB405C54}.Blazor|x64.Deploy.0 = Release|x64
		{B25BF5FA-6EBF-4FDE-AF34-260EEB405C54}.Blazor|x86.ActiveCfg = Release|x86
		{B25BF5FA-6EBF-4FDE-AF34-260EEB405C54}.Blazor|x86.Build.0 = Release|x86
		{B25BF5FA-6EBF-4FDE-AF34-260EEB405C54}.Blazor|x86.Deploy.0 = Release|x86
		{B25BF5FA-6EBF-4FDE-AF34-260EEB405C54}.Debug|Any CPU.ActiveCfg = Debug|x86
		{B25BF5FA-6EBF-4FDE-AF34-260EEB405C54}.Debug|ARM.ActiveCfg = Debug|ARM
		{B25BF5FA-6EBF-4FDE-AF34-260EEB405C54}.Debug|ARM.Build.0 = Debug|ARM
		{B25BF5FA-6EBF-4FDE-AF34-260EEB405C54}.Debug|ARM.Deploy.0 = Debug|ARM
		{B25BF5FA-6EBF-4FDE-AF34-260EEB405C54}.Debug|ARM64.ActiveCfg = Debug|x86
		{B25BF5FA-6EBF-4FDE-AF34-260EEB405C54}.Debug|iPhone.ActiveCfg = Debug|x86
		{B25BF5FA-6EBF-4FDE-AF34-260EEB405C54}.Debug|iPhoneSimulator.ActiveCfg = Debug|x86
		{B25BF5FA-6EBF-4FDE-AF34-260EEB405C54}.Debug|x64.ActiveCfg = Debug|x64
		{B25BF5FA-6EBF-4FDE-AF34-260EEB405C54}.Debug|x64.Build.0 = Debug|x64
		{B25BF5FA-6EBF-4FDE-AF34-260EEB405C54}.Debug|x64.Deploy.0 = Debug|x64
		{B25BF5FA-6EBF-4FDE-AF34-260EEB405C54}.Debug|x86.ActiveCfg = Debug|x86
		{B25BF5FA-6EBF-4FDE-AF34-260EEB405C54}.Debug|x86.Build.0 = Debug|x86
		{B25BF5FA-6EBF-4FDE-AF34-260EEB405C54}.Debug|x86.Deploy.0 = Debug|x86
		{B25BF5FA-6EBF-4FDE-AF34-260EEB405C54}.Release|Any CPU.ActiveCfg = Release|x86
		{B25BF5FA-6EBF-4FDE-AF34-260EEB405C54}.Release|ARM.ActiveCfg = Release|ARM
		{B25BF5FA-6EBF-4FDE-AF34-260EEB405C54}.Release|ARM.Build.0 = Release|ARM
		{B25BF5FA-6EBF-4FDE-AF34-260EEB405C54}.Release|ARM.Deploy.0 = Release|ARM
		{B25BF5FA-6EBF-4FDE-AF34-260EEB405C54}.Release|ARM64.ActiveCfg = Release|x86
		{B25BF5FA-6EBF-4FDE-AF34-260EEB405C54}.Release|iPhone.ActiveCfg = Release|x86
		{B25BF5FA-6EBF-4FDE-AF34-260EEB405C54}.Release|iPhoneSimulator.ActiveCfg = Release|x86
		{B25BF5FA-6EBF-4FDE-AF34-260EEB405C54}.Release|x64.ActiveCfg = Release|x64
		{B25BF5FA-6EBF-4FDE-AF34-260EEB405C54}.Release|x64.Build.0 = Release|x64
		{B25BF5FA-6EBF-4FDE-AF34-260EEB405C54}.Release|x64.Deploy.0 = Release|x64
		{B25BF5FA-6EBF-4FDE-AF34-260EEB405C54}.Release|x86.ActiveCfg = Release|x86
		{B25BF5FA-6EBF-4FDE-AF34-260EEB405C54}.Release|x86.Build.0 = Release|x86
		{B25BF5FA-6EBF-4FDE-AF34-260EEB405C54}.Release|x86.Deploy.0 = Release|x86
		{8F9CB867-EDB1-49ED-9F0A-92E3789BC28F}.Ad-Hoc|Any CPU.ActiveCfg = Release|Any CPU
		{8F9CB867-EDB1-49ED-9F0A-92E3789BC28F}.Ad-Hoc|Any CPU.Build.0 = Release|Any CPU
		{8F9CB867-EDB1-49ED-9F0A-92E3789BC28F}.Ad-Hoc|Any CPU.Deploy.0 = Release|Any CPU
		{8F9CB867-EDB1-49ED-9F0A-92E3789BC28F}.Ad-Hoc|ARM.ActiveCfg = Release|Any CPU
		{8F9CB867-EDB1-49ED-9F0A-92E3789BC28F}.Ad-Hoc|ARM.Build.0 = Release|Any CPU
		{8F9CB867-EDB1-49ED-9F0A-92E3789BC28F}.Ad-Hoc|ARM.Deploy.0 = Release|Any CPU
		{8F9CB867-EDB1-49ED-9F0A-92E3789BC28F}.Ad-Hoc|ARM64.ActiveCfg = Debug|Any CPU
		{8F9CB867-EDB1-49ED-9F0A-92E3789BC28F}.Ad-Hoc|ARM64.Build.0 = Debug|Any CPU
		{8F9CB867-EDB1-49ED-9F0A-92E3789BC28F}.Ad-Hoc|ARM64.Deploy.0 = Debug|Any CPU
		{8F9CB867-EDB1-49ED-9F0A-92E3789BC28F}.Ad-Hoc|iPhone.ActiveCfg = Release|Any CPU
		{8F9CB867-EDB1-49ED-9F0A-92E3789BC28F}.Ad-Hoc|iPhone.Build.0 = Release|Any CPU
		{8F9CB867-EDB1-49ED-9F0A-92E3789BC28F}.Ad-Hoc|iPhone.Deploy.0 = Release|Any CPU
		{8F9CB867-EDB1-49ED-9F0A-92E3789BC28F}.Ad-Hoc|iPhoneSimulator.ActiveCfg = Release|Any CPU
		{8F9CB867-EDB1-49ED-9F0A-92E3789BC28F}.Ad-Hoc|iPhoneSimulator.Build.0 = Release|Any CPU
		{8F9CB867-EDB1-49ED-9F0A-92E3789BC28F}.Ad-Hoc|iPhoneSimulator.Deploy.0 = Release|Any CPU
		{8F9CB867-EDB1-49ED-9F0A-92E3789BC28F}.Ad-Hoc|x64.ActiveCfg = Release|Any CPU
		{8F9CB867-EDB1-49ED-9F0A-92E3789BC28F}.Ad-Hoc|x64.Build.0 = Release|Any CPU
		{8F9CB867-EDB1-49ED-9F0A-92E3789BC28F}.Ad-Hoc|x64.Deploy.0 = Release|Any CPU
		{8F9CB867-EDB1-49ED-9F0A-92E3789BC28F}.Ad-Hoc|x86.ActiveCfg = Release|Any CPU
		{8F9CB867-EDB1-49ED-9F0A-92E3789BC28F}.Ad-Hoc|x86.Build.0 = Release|Any CPU
		{8F9CB867-EDB1-49ED-9F0A-92E3789BC28F}.Ad-Hoc|x86.Deploy.0 = Release|Any CPU
		{8F9CB867-EDB1-49ED-9F0A-92E3789BC28F}.AppStore|Any CPU.ActiveCfg = Release|Any CPU
		{8F9CB867-EDB1-49ED-9F0A-92E3789BC28F}.AppStore|Any CPU.Build.0 = Release|Any CPU
		{8F9CB867-EDB1-49ED-9F0A-92E3789BC28F}.AppStore|Any CPU.Deploy.0 = Release|Any CPU
		{8F9CB867-EDB1-49ED-9F0A-92E3789BC28F}.AppStore|ARM.ActiveCfg = Release|Any CPU
		{8F9CB867-EDB1-49ED-9F0A-92E3789BC28F}.AppStore|ARM.Build.0 = Release|Any CPU
		{8F9CB867-EDB1-49ED-9F0A-92E3789BC28F}.AppStore|ARM.Deploy.0 = Release|Any CPU
		{8F9CB867-EDB1-49ED-9F0A-92E3789BC28F}.AppStore|ARM64.ActiveCfg = Debug|Any CPU
		{8F9CB867-EDB1-49ED-9F0A-92E3789BC28F}.AppStore|ARM64.Build.0 = Debug|Any CPU
		{8F9CB867-EDB1-49ED-9F0A-92E3789BC28F}.AppStore|ARM64.Deploy.0 = Debug|Any CPU
		{8F9CB867-EDB1-49ED-9F0A-92E3789BC28F}.AppStore|iPhone.ActiveCfg = Release|Any CPU
		{8F9CB867-EDB1-49ED-9F0A-92E3789BC28F}.AppStore|iPhone.Build.0 = Release|Any CPU
		{8F9CB867-EDB1-49ED-9F0A-92E3789BC28F}.AppStore|iPhone.Deploy.0 = Release|Any CPU
		{8F9CB867-EDB1-49ED-9F0A-92E3789BC28F}.AppStore|iPhoneSimulator.ActiveCfg = Release|Any CPU
		{8F9CB867-EDB1-49ED-9F0A-92E3789BC28F}.AppStore|iPhoneSimulator.Build.0 = Release|Any CPU
		{8F9CB867-EDB1-49ED-9F0A-92E3789BC28F}.AppStore|iPhoneSimulator.Deploy.0 = Release|Any CPU
		{8F9CB867-EDB1-49ED-9F0A-92E3789BC28F}.AppStore|x64.ActiveCfg = Release|Any CPU
		{8F9CB867-EDB1-49ED-9F0A-92E3789BC28F}.AppStore|x64.Build.0 = Release|Any CPU
		{8F9CB867-EDB1-49ED-9F0A-92E3789BC28F}.AppStore|x64.Deploy.0 = Release|Any CPU
		{8F9CB867-EDB1-49ED-9F0A-92E3789BC28F}.AppStore|x86.ActiveCfg = Release|Any CPU
		{8F9CB867-EDB1-49ED-9F0A-92E3789BC28F}.AppStore|x86.Build.0 = Release|Any CPU
		{8F9CB867-EDB1-49ED-9F0A-92E3789BC28F}.AppStore|x86.Deploy.0 = Release|Any CPU
		{8F9CB867-EDB1-49ED-9F0A-92E3789BC28F}.Blazor|Any CPU.ActiveCfg = Release|Any CPU
		{8F9CB867-EDB1-49ED-9F0A-92E3789BC28F}.Blazor|Any CPU.Build.0 = Release|Any CPU
		{8F9CB867-EDB1-49ED-9F0A-92E3789BC28F}.Blazor|Any CPU.Deploy.0 = Release|Any CPU
		{8F9CB867-EDB1-49ED-9F0A-92E3789BC28F}.Blazor|ARM.ActiveCfg = Release|Any CPU
		{8F9CB867-EDB1-49ED-9F0A-92E3789BC28F}.Blazor|ARM.Build.0 = Release|Any CPU
		{8F9CB867-EDB1-49ED-9F0A-92E3789BC28F}.Blazor|ARM.Deploy.0 = Release|Any CPU
		{8F9CB867-EDB1-49ED-9F0A-92E3789BC28F}.Blazor|ARM64.ActiveCfg = Debug|Any CPU
		{8F9CB867-EDB1-49ED-9F0A-92E3789BC28F}.Blazor|ARM64.Build.0 = Debug|Any CPU
		{8F9CB867-EDB1-49ED-9F0A-92E3789BC28F}.Blazor|ARM64.Deploy.0 = Debug|Any CPU
		{8F9CB867-EDB1-49ED-9F0A-92E3789BC28F}.Blazor|iPhone.ActiveCfg = Release|Any CPU
		{8F9CB867-EDB1-49ED-9F0A-92E3789BC28F}.Blazor|iPhone.Build.0 = Release|Any CPU
		{8F9CB867-EDB1-49ED-9F0A-92E3789BC28F}.Blazor|iPhone.Deploy.0 = Release|Any CPU
		{8F9CB867-EDB1-49ED-9F0A-92E3789BC28F}.Blazor|iPhoneSimulator.ActiveCfg = Release|Any CPU
		{8F9CB867-EDB1-49ED-9F0A-92E3789BC28F}.Blazor|iPhoneSimulator.Build.0 = Release|Any CPU
		{8F9CB867-EDB1-49ED-9F0A-92E3789BC28F}.Blazor|iPhoneSimulator.Deploy.0 = Release|Any CPU
		{8F9CB867-EDB1-49ED-9F0A-92E3789BC28F}.Blazor|x64.ActiveCfg = Release|Any CPU
		{8F9CB867-EDB1-49ED-9F0A-92E3789BC28F}.Blazor|x64.Build.0 = Release|Any CPU
		{8F9CB867-EDB1-49ED-9F0A-92E3789BC28F}.Blazor|x64.Deploy.0 = Release|Any CPU
		{8F9CB867-EDB1-49ED-9F0A-92E3789BC28F}.Blazor|x86.ActiveCfg = Release|Any CPU
		{8F9CB867-EDB1-49ED-9F0A-92E3789BC28F}.Blazor|x86.Build.0 = Release|Any CPU
		{8F9CB867-EDB1-49ED-9F0A-92E3789BC28F}.Blazor|x86.Deploy.0 = Release|Any CPU
		{8F9CB867-EDB1-49ED-9F0A-92E3789BC28F}.Debug|Any CPU.ActiveCfg = Debug|Any CPU
		{8F9CB867-EDB1-49ED-9F0A-92E3789BC28F}.Debug|Any CPU.Build.0 = Debug|Any CPU
		{8F9CB867-EDB1-49ED-9F0A-92E3789BC28F}.Debug|Any CPU.Deploy.0 = Debug|Any CPU
		{8F9CB867-EDB1-49ED-9F0A-92E3789BC28F}.Debug|ARM.ActiveCfg = Debug|Any CPU
		{8F9CB867-EDB1-49ED-9F0A-92E3789BC28F}.Debug|ARM.Build.0 = Debug|Any CPU
		{8F9CB867-EDB1-49ED-9F0A-92E3789BC28F}.Debug|ARM.Deploy.0 = Debug|Any CPU
		{8F9CB867-EDB1-49ED-9F0A-92E3789BC28F}.Debug|ARM64.ActiveCfg = Debug|Any CPU
		{8F9CB867-EDB1-49ED-9F0A-92E3789BC28F}.Debug|ARM64.Build.0 = Debug|Any CPU
		{8F9CB867-EDB1-49ED-9F0A-92E3789BC28F}.Debug|ARM64.Deploy.0 = Debug|Any CPU
		{8F9CB867-EDB1-49ED-9F0A-92E3789BC28F}.Debug|iPhone.ActiveCfg = Debug|Any CPU
		{8F9CB867-EDB1-49ED-9F0A-92E3789BC28F}.Debug|iPhone.Build.0 = Debug|Any CPU
		{8F9CB867-EDB1-49ED-9F0A-92E3789BC28F}.Debug|iPhone.Deploy.0 = Debug|Any CPU
		{8F9CB867-EDB1-49ED-9F0A-92E3789BC28F}.Debug|iPhoneSimulator.ActiveCfg = Debug|Any CPU
		{8F9CB867-EDB1-49ED-9F0A-92E3789BC28F}.Debug|iPhoneSimulator.Build.0 = Debug|Any CPU
		{8F9CB867-EDB1-49ED-9F0A-92E3789BC28F}.Debug|iPhoneSimulator.Deploy.0 = Debug|Any CPU
		{8F9CB867-EDB1-49ED-9F0A-92E3789BC28F}.Debug|x64.ActiveCfg = Debug|Any CPU
		{8F9CB867-EDB1-49ED-9F0A-92E3789BC28F}.Debug|x64.Build.0 = Debug|Any CPU
		{8F9CB867-EDB1-49ED-9F0A-92E3789BC28F}.Debug|x64.Deploy.0 = Debug|Any CPU
		{8F9CB867-EDB1-49ED-9F0A-92E3789BC28F}.Debug|x86.ActiveCfg = Debug|Any CPU
		{8F9CB867-EDB1-49ED-9F0A-92E3789BC28F}.Debug|x86.Build.0 = Debug|Any CPU
		{8F9CB867-EDB1-49ED-9F0A-92E3789BC28F}.Debug|x86.Deploy.0 = Debug|Any CPU
		{8F9CB867-EDB1-49ED-9F0A-92E3789BC28F}.Release|Any CPU.ActiveCfg = Release|Any CPU
		{8F9CB867-EDB1-49ED-9F0A-92E3789BC28F}.Release|Any CPU.Build.0 = Release|Any CPU
		{8F9CB867-EDB1-49ED-9F0A-92E3789BC28F}.Release|Any CPU.Deploy.0 = Release|Any CPU
		{8F9CB867-EDB1-49ED-9F0A-92E3789BC28F}.Release|ARM.ActiveCfg = Release|Any CPU
		{8F9CB867-EDB1-49ED-9F0A-92E3789BC28F}.Release|ARM.Build.0 = Release|Any CPU
		{8F9CB867-EDB1-49ED-9F0A-92E3789BC28F}.Release|ARM.Deploy.0 = Release|Any CPU
		{8F9CB867-EDB1-49ED-9F0A-92E3789BC28F}.Release|ARM64.ActiveCfg = Release|Any CPU
		{8F9CB867-EDB1-49ED-9F0A-92E3789BC28F}.Release|ARM64.Build.0 = Release|Any CPU
		{8F9CB867-EDB1-49ED-9F0A-92E3789BC28F}.Release|ARM64.Deploy.0 = Release|Any CPU
		{8F9CB867-EDB1-49ED-9F0A-92E3789BC28F}.Release|iPhone.ActiveCfg = Release|Any CPU
		{8F9CB867-EDB1-49ED-9F0A-92E3789BC28F}.Release|iPhone.Build.0 = Release|Any CPU
		{8F9CB867-EDB1-49ED-9F0A-92E3789BC28F}.Release|iPhone.Deploy.0 = Release|Any CPU
		{8F9CB867-EDB1-49ED-9F0A-92E3789BC28F}.Release|iPhoneSimulator.ActiveCfg = Release|Any CPU
		{8F9CB867-EDB1-49ED-9F0A-92E3789BC28F}.Release|iPhoneSimulator.Build.0 = Release|Any CPU
		{8F9CB867-EDB1-49ED-9F0A-92E3789BC28F}.Release|iPhoneSimulator.Deploy.0 = Release|Any CPU
		{8F9CB867-EDB1-49ED-9F0A-92E3789BC28F}.Release|x64.ActiveCfg = Release|Any CPU
		{8F9CB867-EDB1-49ED-9F0A-92E3789BC28F}.Release|x64.Build.0 = Release|Any CPU
		{8F9CB867-EDB1-49ED-9F0A-92E3789BC28F}.Release|x64.Deploy.0 = Release|Any CPU
		{8F9CB867-EDB1-49ED-9F0A-92E3789BC28F}.Release|x86.ActiveCfg = Release|Any CPU
		{8F9CB867-EDB1-49ED-9F0A-92E3789BC28F}.Release|x86.Build.0 = Release|Any CPU
		{8F9CB867-EDB1-49ED-9F0A-92E3789BC28F}.Release|x86.Deploy.0 = Release|Any CPU
		{4CEEC18C-8449-454A-BDAB-D0AEC641F753}.Ad-Hoc|Any CPU.ActiveCfg = Release|iPhone
		{4CEEC18C-8449-454A-BDAB-D0AEC641F753}.Ad-Hoc|Any CPU.Build.0 = Release|iPhone
		{4CEEC18C-8449-454A-BDAB-D0AEC641F753}.Ad-Hoc|ARM.ActiveCfg = Release|iPhone
		{4CEEC18C-8449-454A-BDAB-D0AEC641F753}.Ad-Hoc|ARM.Build.0 = Release|iPhone
		{4CEEC18C-8449-454A-BDAB-D0AEC641F753}.Ad-Hoc|ARM64.ActiveCfg = Debug|iPhoneSimulator
		{4CEEC18C-8449-454A-BDAB-D0AEC641F753}.Ad-Hoc|ARM64.Build.0 = Debug|iPhoneSimulator
		{4CEEC18C-8449-454A-BDAB-D0AEC641F753}.Ad-Hoc|ARM64.Deploy.0 = Debug|iPhoneSimulator
		{4CEEC18C-8449-454A-BDAB-D0AEC641F753}.Ad-Hoc|iPhone.ActiveCfg = Release|iPhone
		{4CEEC18C-8449-454A-BDAB-D0AEC641F753}.Ad-Hoc|iPhone.Build.0 = Release|iPhone
		{4CEEC18C-8449-454A-BDAB-D0AEC641F753}.Ad-Hoc|iPhoneSimulator.ActiveCfg = Release|iPhoneSimulator
		{4CEEC18C-8449-454A-BDAB-D0AEC641F753}.Ad-Hoc|iPhoneSimulator.Build.0 = Release|iPhoneSimulator
		{4CEEC18C-8449-454A-BDAB-D0AEC641F753}.Ad-Hoc|x64.ActiveCfg = Release|iPhone
		{4CEEC18C-8449-454A-BDAB-D0AEC641F753}.Ad-Hoc|x64.Build.0 = Release|iPhone
		{4CEEC18C-8449-454A-BDAB-D0AEC641F753}.Ad-Hoc|x86.ActiveCfg = Release|iPhone
		{4CEEC18C-8449-454A-BDAB-D0AEC641F753}.Ad-Hoc|x86.Build.0 = Release|iPhone
		{4CEEC18C-8449-454A-BDAB-D0AEC641F753}.AppStore|Any CPU.ActiveCfg = Release|iPhone
		{4CEEC18C-8449-454A-BDAB-D0AEC641F753}.AppStore|Any CPU.Build.0 = Release|iPhone
		{4CEEC18C-8449-454A-BDAB-D0AEC641F753}.AppStore|ARM.ActiveCfg = Release|iPhone
		{4CEEC18C-8449-454A-BDAB-D0AEC641F753}.AppStore|ARM.Build.0 = Release|iPhone
		{4CEEC18C-8449-454A-BDAB-D0AEC641F753}.AppStore|ARM64.ActiveCfg = Debug|iPhoneSimulator
		{4CEEC18C-8449-454A-BDAB-D0AEC641F753}.AppStore|ARM64.Build.0 = Debug|iPhoneSimulator
		{4CEEC18C-8449-454A-BDAB-D0AEC641F753}.AppStore|ARM64.Deploy.0 = Debug|iPhoneSimulator
		{4CEEC18C-8449-454A-BDAB-D0AEC641F753}.AppStore|iPhone.ActiveCfg = Release|iPhone
		{4CEEC18C-8449-454A-BDAB-D0AEC641F753}.AppStore|iPhone.Build.0 = Release|iPhone
		{4CEEC18C-8449-454A-BDAB-D0AEC641F753}.AppStore|iPhoneSimulator.ActiveCfg = Release|iPhoneSimulator
		{4CEEC18C-8449-454A-BDAB-D0AEC641F753}.AppStore|iPhoneSimulator.Build.0 = Release|iPhoneSimulator
		{4CEEC18C-8449-454A-BDAB-D0AEC641F753}.AppStore|x64.ActiveCfg = Release|iPhone
		{4CEEC18C-8449-454A-BDAB-D0AEC641F753}.AppStore|x64.Build.0 = Release|iPhone
		{4CEEC18C-8449-454A-BDAB-D0AEC641F753}.AppStore|x86.ActiveCfg = Release|iPhone
		{4CEEC18C-8449-454A-BDAB-D0AEC641F753}.AppStore|x86.Build.0 = Release|iPhone
		{4CEEC18C-8449-454A-BDAB-D0AEC641F753}.Blazor|Any CPU.ActiveCfg = Release|iPhone
		{4CEEC18C-8449-454A-BDAB-D0AEC641F753}.Blazor|Any CPU.Build.0 = Release|iPhone
		{4CEEC18C-8449-454A-BDAB-D0AEC641F753}.Blazor|ARM.ActiveCfg = Release|iPhone
		{4CEEC18C-8449-454A-BDAB-D0AEC641F753}.Blazor|ARM.Build.0 = Release|iPhone
		{4CEEC18C-8449-454A-BDAB-D0AEC641F753}.Blazor|ARM64.ActiveCfg = Debug|iPhoneSimulator
		{4CEEC18C-8449-454A-BDAB-D0AEC641F753}.Blazor|ARM64.Build.0 = Debug|iPhoneSimulator
		{4CEEC18C-8449-454A-BDAB-D0AEC641F753}.Blazor|ARM64.Deploy.0 = Debug|iPhoneSimulator
		{4CEEC18C-8449-454A-BDAB-D0AEC641F753}.Blazor|iPhone.ActiveCfg = Release|iPhone
		{4CEEC18C-8449-454A-BDAB-D0AEC641F753}.Blazor|iPhone.Build.0 = Release|iPhone
		{4CEEC18C-8449-454A-BDAB-D0AEC641F753}.Blazor|iPhoneSimulator.ActiveCfg = Release|iPhoneSimulator
		{4CEEC18C-8449-454A-BDAB-D0AEC641F753}.Blazor|iPhoneSimulator.Build.0 = Release|iPhoneSimulator
		{4CEEC18C-8449-454A-BDAB-D0AEC641F753}.Blazor|x64.ActiveCfg = Release|iPhone
		{4CEEC18C-8449-454A-BDAB-D0AEC641F753}.Blazor|x64.Build.0 = Release|iPhone
		{4CEEC18C-8449-454A-BDAB-D0AEC641F753}.Blazor|x86.ActiveCfg = Release|iPhone
		{4CEEC18C-8449-454A-BDAB-D0AEC641F753}.Blazor|x86.Build.0 = Release|iPhone
		{4CEEC18C-8449-454A-BDAB-D0AEC641F753}.Debug|Any CPU.ActiveCfg = Debug|iPhone
		{4CEEC18C-8449-454A-BDAB-D0AEC641F753}.Debug|ARM.ActiveCfg = Debug|iPhone
		{4CEEC18C-8449-454A-BDAB-D0AEC641F753}.Debug|ARM64.ActiveCfg = Debug|iPhoneSimulator
		{4CEEC18C-8449-454A-BDAB-D0AEC641F753}.Debug|iPhone.ActiveCfg = Debug|iPhone
		{4CEEC18C-8449-454A-BDAB-D0AEC641F753}.Debug|iPhone.Build.0 = Debug|iPhone
		{4CEEC18C-8449-454A-BDAB-D0AEC641F753}.Debug|iPhoneSimulator.ActiveCfg = Debug|iPhoneSimulator
		{4CEEC18C-8449-454A-BDAB-D0AEC641F753}.Debug|iPhoneSimulator.Build.0 = Debug|iPhoneSimulator
		{4CEEC18C-8449-454A-BDAB-D0AEC641F753}.Debug|x64.ActiveCfg = Debug|iPhone
		{4CEEC18C-8449-454A-BDAB-D0AEC641F753}.Debug|x86.ActiveCfg = Debug|iPhone
		{4CEEC18C-8449-454A-BDAB-D0AEC641F753}.Release|Any CPU.ActiveCfg = Release|iPhone
		{4CEEC18C-8449-454A-BDAB-D0AEC641F753}.Release|ARM.ActiveCfg = Release|iPhone
		{4CEEC18C-8449-454A-BDAB-D0AEC641F753}.Release|ARM64.ActiveCfg = Release|iPhoneSimulator
		{4CEEC18C-8449-454A-BDAB-D0AEC641F753}.Release|iPhone.ActiveCfg = Release|iPhone
		{4CEEC18C-8449-454A-BDAB-D0AEC641F753}.Release|iPhone.Build.0 = Release|iPhone
		{4CEEC18C-8449-454A-BDAB-D0AEC641F753}.Release|iPhoneSimulator.ActiveCfg = Release|iPhoneSimulator
		{4CEEC18C-8449-454A-BDAB-D0AEC641F753}.Release|iPhoneSimulator.Build.0 = Release|iPhoneSimulator
		{4CEEC18C-8449-454A-BDAB-D0AEC641F753}.Release|x64.ActiveCfg = Release|iPhone
		{4CEEC18C-8449-454A-BDAB-D0AEC641F753}.Release|x86.ActiveCfg = Release|iPhone
		{75998859-E2E1-417E-8AE0-8A59EB6FE297}.Ad-Hoc|Any CPU.ActiveCfg = Debug|Any CPU
		{75998859-E2E1-417E-8AE0-8A59EB6FE297}.Ad-Hoc|Any CPU.Build.0 = Debug|Any CPU
		{75998859-E2E1-417E-8AE0-8A59EB6FE297}.Ad-Hoc|ARM.ActiveCfg = Debug|Any CPU
		{75998859-E2E1-417E-8AE0-8A59EB6FE297}.Ad-Hoc|ARM.Build.0 = Debug|Any CPU
		{75998859-E2E1-417E-8AE0-8A59EB6FE297}.Ad-Hoc|ARM64.ActiveCfg = Release|Any CPU
		{75998859-E2E1-417E-8AE0-8A59EB6FE297}.Ad-Hoc|ARM64.Build.0 = Release|Any CPU
		{75998859-E2E1-417E-8AE0-8A59EB6FE297}.Ad-Hoc|iPhone.ActiveCfg = Debug|Any CPU
		{75998859-E2E1-417E-8AE0-8A59EB6FE297}.Ad-Hoc|iPhone.Build.0 = Debug|Any CPU
		{75998859-E2E1-417E-8AE0-8A59EB6FE297}.Ad-Hoc|iPhoneSimulator.ActiveCfg = Debug|Any CPU
		{75998859-E2E1-417E-8AE0-8A59EB6FE297}.Ad-Hoc|iPhoneSimulator.Build.0 = Debug|Any CPU
		{75998859-E2E1-417E-8AE0-8A59EB6FE297}.Ad-Hoc|x64.ActiveCfg = Debug|Any CPU
		{75998859-E2E1-417E-8AE0-8A59EB6FE297}.Ad-Hoc|x64.Build.0 = Debug|Any CPU
		{75998859-E2E1-417E-8AE0-8A59EB6FE297}.Ad-Hoc|x86.ActiveCfg = Debug|Any CPU
		{75998859-E2E1-417E-8AE0-8A59EB6FE297}.Ad-Hoc|x86.Build.0 = Debug|Any CPU
		{75998859-E2E1-417E-8AE0-8A59EB6FE297}.AppStore|Any CPU.ActiveCfg = Debug|Any CPU
		{75998859-E2E1-417E-8AE0-8A59EB6FE297}.AppStore|Any CPU.Build.0 = Debug|Any CPU
		{75998859-E2E1-417E-8AE0-8A59EB6FE297}.AppStore|ARM.ActiveCfg = Debug|Any CPU
		{75998859-E2E1-417E-8AE0-8A59EB6FE297}.AppStore|ARM.Build.0 = Debug|Any CPU
		{75998859-E2E1-417E-8AE0-8A59EB6FE297}.AppStore|ARM64.ActiveCfg = Release|Any CPU
		{75998859-E2E1-417E-8AE0-8A59EB6FE297}.AppStore|ARM64.Build.0 = Release|Any CPU
		{75998859-E2E1-417E-8AE0-8A59EB6FE297}.AppStore|iPhone.ActiveCfg = Debug|Any CPU
		{75998859-E2E1-417E-8AE0-8A59EB6FE297}.AppStore|iPhone.Build.0 = Debug|Any CPU
		{75998859-E2E1-417E-8AE0-8A59EB6FE297}.AppStore|iPhoneSimulator.ActiveCfg = Debug|Any CPU
		{75998859-E2E1-417E-8AE0-8A59EB6FE297}.AppStore|iPhoneSimulator.Build.0 = Debug|Any CPU
		{75998859-E2E1-417E-8AE0-8A59EB6FE297}.AppStore|x64.ActiveCfg = Debug|Any CPU
		{75998859-E2E1-417E-8AE0-8A59EB6FE297}.AppStore|x64.Build.0 = Debug|Any CPU
		{75998859-E2E1-417E-8AE0-8A59EB6FE297}.AppStore|x86.ActiveCfg = Debug|Any CPU
		{75998859-E2E1-417E-8AE0-8A59EB6FE297}.AppStore|x86.Build.0 = Debug|Any CPU
		{75998859-E2E1-417E-8AE0-8A59EB6FE297}.Blazor|Any CPU.ActiveCfg = Debug|Any CPU
		{75998859-E2E1-417E-8AE0-8A59EB6FE297}.Blazor|Any CPU.Build.0 = Debug|Any CPU
		{75998859-E2E1-417E-8AE0-8A59EB6FE297}.Blazor|ARM.ActiveCfg = Debug|Any CPU
		{75998859-E2E1-417E-8AE0-8A59EB6FE297}.Blazor|ARM.Build.0 = Debug|Any CPU
		{75998859-E2E1-417E-8AE0-8A59EB6FE297}.Blazor|ARM64.ActiveCfg = Release|Any CPU
		{75998859-E2E1-417E-8AE0-8A59EB6FE297}.Blazor|ARM64.Build.0 = Release|Any CPU
		{75998859-E2E1-417E-8AE0-8A59EB6FE297}.Blazor|iPhone.ActiveCfg = Debug|Any CPU
		{75998859-E2E1-417E-8AE0-8A59EB6FE297}.Blazor|iPhone.Build.0 = Debug|Any CPU
		{75998859-E2E1-417E-8AE0-8A59EB6FE297}.Blazor|iPhoneSimulator.ActiveCfg = Debug|Any CPU
		{75998859-E2E1-417E-8AE0-8A59EB6FE297}.Blazor|iPhoneSimulator.Build.0 = Debug|Any CPU
		{75998859-E2E1-417E-8AE0-8A59EB6FE297}.Blazor|x64.ActiveCfg = Debug|Any CPU
		{75998859-E2E1-417E-8AE0-8A59EB6FE297}.Blazor|x64.Build.0 = Debug|Any CPU
		{75998859-E2E1-417E-8AE0-8A59EB6FE297}.Blazor|x86.ActiveCfg = Debug|Any CPU
		{75998859-E2E1-417E-8AE0-8A59EB6FE297}.Blazor|x86.Build.0 = Debug|Any CPU
		{75998859-E2E1-417E-8AE0-8A59EB6FE297}.Debug|Any CPU.ActiveCfg = Debug|Any CPU
		{75998859-E2E1-417E-8AE0-8A59EB6FE297}.Debug|Any CPU.Build.0 = Debug|Any CPU
		{75998859-E2E1-417E-8AE0-8A59EB6FE297}.Debug|ARM.ActiveCfg = Debug|Any CPU
		{75998859-E2E1-417E-8AE0-8A59EB6FE297}.Debug|ARM.Build.0 = Debug|Any CPU
		{75998859-E2E1-417E-8AE0-8A59EB6FE297}.Debug|ARM64.ActiveCfg = Debug|Any CPU
		{75998859-E2E1-417E-8AE0-8A59EB6FE297}.Debug|ARM64.Build.0 = Debug|Any CPU
		{75998859-E2E1-417E-8AE0-8A59EB6FE297}.Debug|iPhone.ActiveCfg = Debug|Any CPU
		{75998859-E2E1-417E-8AE0-8A59EB6FE297}.Debug|iPhone.Build.0 = Debug|Any CPU
		{75998859-E2E1-417E-8AE0-8A59EB6FE297}.Debug|iPhoneSimulator.ActiveCfg = Debug|Any CPU
		{75998859-E2E1-417E-8AE0-8A59EB6FE297}.Debug|iPhoneSimulator.Build.0 = Debug|Any CPU
		{75998859-E2E1-417E-8AE0-8A59EB6FE297}.Debug|x64.ActiveCfg = Debug|Any CPU
		{75998859-E2E1-417E-8AE0-8A59EB6FE297}.Debug|x64.Build.0 = Debug|Any CPU
		{75998859-E2E1-417E-8AE0-8A59EB6FE297}.Debug|x86.ActiveCfg = Debug|Any CPU
		{75998859-E2E1-417E-8AE0-8A59EB6FE297}.Debug|x86.Build.0 = Debug|Any CPU
		{75998859-E2E1-417E-8AE0-8A59EB6FE297}.Release|Any CPU.ActiveCfg = Release|Any CPU
		{75998859-E2E1-417E-8AE0-8A59EB6FE297}.Release|Any CPU.Build.0 = Release|Any CPU
		{75998859-E2E1-417E-8AE0-8A59EB6FE297}.Release|ARM.ActiveCfg = Release|Any CPU
		{75998859-E2E1-417E-8AE0-8A59EB6FE297}.Release|ARM.Build.0 = Release|Any CPU
		{75998859-E2E1-417E-8AE0-8A59EB6FE297}.Release|ARM64.ActiveCfg = Release|Any CPU
		{75998859-E2E1-417E-8AE0-8A59EB6FE297}.Release|ARM64.Build.0 = Release|Any CPU
		{75998859-E2E1-417E-8AE0-8A59EB6FE297}.Release|iPhone.ActiveCfg = Release|Any CPU
		{75998859-E2E1-417E-8AE0-8A59EB6FE297}.Release|iPhone.Build.0 = Release|Any CPU
		{75998859-E2E1-417E-8AE0-8A59EB6FE297}.Release|iPhoneSimulator.ActiveCfg = Release|Any CPU
		{75998859-E2E1-417E-8AE0-8A59EB6FE297}.Release|iPhoneSimulator.Build.0 = Release|Any CPU
		{75998859-E2E1-417E-8AE0-8A59EB6FE297}.Release|x64.ActiveCfg = Release|Any CPU
		{75998859-E2E1-417E-8AE0-8A59EB6FE297}.Release|x64.Build.0 = Release|Any CPU
		{75998859-E2E1-417E-8AE0-8A59EB6FE297}.Release|x86.ActiveCfg = Release|Any CPU
		{75998859-E2E1-417E-8AE0-8A59EB6FE297}.Release|x86.Build.0 = Release|Any CPU
		{2D497D17-1289-4DB6-84E3-29B18E650BEA}.Ad-Hoc|Any CPU.ActiveCfg = Debug|Any CPU
		{2D497D17-1289-4DB6-84E3-29B18E650BEA}.Ad-Hoc|Any CPU.Build.0 = Debug|Any CPU
		{2D497D17-1289-4DB6-84E3-29B18E650BEA}.Ad-Hoc|ARM.ActiveCfg = Debug|Any CPU
		{2D497D17-1289-4DB6-84E3-29B18E650BEA}.Ad-Hoc|ARM.Build.0 = Debug|Any CPU
		{2D497D17-1289-4DB6-84E3-29B18E650BEA}.Ad-Hoc|ARM64.ActiveCfg = Debug|Any CPU
		{2D497D17-1289-4DB6-84E3-29B18E650BEA}.Ad-Hoc|ARM64.Build.0 = Debug|Any CPU
		{2D497D17-1289-4DB6-84E3-29B18E650BEA}.Ad-Hoc|iPhone.ActiveCfg = Debug|Any CPU
		{2D497D17-1289-4DB6-84E3-29B18E650BEA}.Ad-Hoc|iPhone.Build.0 = Debug|Any CPU
		{2D497D17-1289-4DB6-84E3-29B18E650BEA}.Ad-Hoc|iPhoneSimulator.ActiveCfg = Debug|Any CPU
		{2D497D17-1289-4DB6-84E3-29B18E650BEA}.Ad-Hoc|iPhoneSimulator.Build.0 = Debug|Any CPU
		{2D497D17-1289-4DB6-84E3-29B18E650BEA}.Ad-Hoc|x64.ActiveCfg = Debug|Any CPU
		{2D497D17-1289-4DB6-84E3-29B18E650BEA}.Ad-Hoc|x64.Build.0 = Debug|Any CPU
		{2D497D17-1289-4DB6-84E3-29B18E650BEA}.Ad-Hoc|x86.ActiveCfg = Debug|Any CPU
		{2D497D17-1289-4DB6-84E3-29B18E650BEA}.Ad-Hoc|x86.Build.0 = Debug|Any CPU
		{2D497D17-1289-4DB6-84E3-29B18E650BEA}.AppStore|Any CPU.ActiveCfg = Debug|Any CPU
		{2D497D17-1289-4DB6-84E3-29B18E650BEA}.AppStore|Any CPU.Build.0 = Debug|Any CPU
		{2D497D17-1289-4DB6-84E3-29B18E650BEA}.AppStore|ARM.ActiveCfg = Debug|Any CPU
		{2D497D17-1289-4DB6-84E3-29B18E650BEA}.AppStore|ARM.Build.0 = Debug|Any CPU
		{2D497D17-1289-4DB6-84E3-29B18E650BEA}.AppStore|ARM64.ActiveCfg = Debug|Any CPU
		{2D497D17-1289-4DB6-84E3-29B18E650BEA}.AppStore|ARM64.Build.0 = Debug|Any CPU
		{2D497D17-1289-4DB6-84E3-29B18E650BEA}.AppStore|iPhone.ActiveCfg = Debug|Any CPU
		{2D497D17-1289-4DB6-84E3-29B18E650BEA}.AppStore|iPhone.Build.0 = Debug|Any CPU
		{2D497D17-1289-4DB6-84E3-29B18E650BEA}.AppStore|iPhoneSimulator.ActiveCfg = Debug|Any CPU
		{2D497D17-1289-4DB6-84E3-29B18E650BEA}.AppStore|iPhoneSimulator.Build.0 = Debug|Any CPU
		{2D497D17-1289-4DB6-84E3-29B18E650BEA}.AppStore|x64.ActiveCfg = Debug|Any CPU
		{2D497D17-1289-4DB6-84E3-29B18E650BEA}.AppStore|x64.Build.0 = Debug|Any CPU
		{2D497D17-1289-4DB6-84E3-29B18E650BEA}.AppStore|x86.ActiveCfg = Debug|Any CPU
		{2D497D17-1289-4DB6-84E3-29B18E650BEA}.AppStore|x86.Build.0 = Debug|Any CPU
		{2D497D17-1289-4DB6-84E3-29B18E650BEA}.Blazor|Any CPU.ActiveCfg = Debug|Any CPU
		{2D497D17-1289-4DB6-84E3-29B18E650BEA}.Blazor|Any CPU.Build.0 = Debug|Any CPU
		{2D497D17-1289-4DB6-84E3-29B18E650BEA}.Blazor|ARM.ActiveCfg = Debug|Any CPU
		{2D497D17-1289-4DB6-84E3-29B18E650BEA}.Blazor|ARM.Build.0 = Debug|Any CPU
		{2D497D17-1289-4DB6-84E3-29B18E650BEA}.Blazor|ARM64.ActiveCfg = Debug|Any CPU
		{2D497D17-1289-4DB6-84E3-29B18E650BEA}.Blazor|ARM64.Build.0 = Debug|Any CPU
		{2D497D17-1289-4DB6-84E3-29B18E650BEA}.Blazor|iPhone.ActiveCfg = Debug|Any CPU
		{2D497D17-1289-4DB6-84E3-29B18E650BEA}.Blazor|iPhone.Build.0 = Debug|Any CPU
		{2D497D17-1289-4DB6-84E3-29B18E650BEA}.Blazor|iPhoneSimulator.ActiveCfg = Debug|Any CPU
		{2D497D17-1289-4DB6-84E3-29B18E650BEA}.Blazor|iPhoneSimulator.Build.0 = Debug|Any CPU
		{2D497D17-1289-4DB6-84E3-29B18E650BEA}.Blazor|x64.ActiveCfg = Debug|Any CPU
		{2D497D17-1289-4DB6-84E3-29B18E650BEA}.Blazor|x64.Build.0 = Debug|Any CPU
		{2D497D17-1289-4DB6-84E3-29B18E650BEA}.Blazor|x86.ActiveCfg = Debug|Any CPU
		{2D497D17-1289-4DB6-84E3-29B18E650BEA}.Blazor|x86.Build.0 = Debug|Any CPU
		{2D497D17-1289-4DB6-84E3-29B18E650BEA}.Debug|Any CPU.ActiveCfg = Debug|Any CPU
		{2D497D17-1289-4DB6-84E3-29B18E650BEA}.Debug|Any CPU.Build.0 = Debug|Any CPU
		{2D497D17-1289-4DB6-84E3-29B18E650BEA}.Debug|ARM.ActiveCfg = Debug|Any CPU
		{2D497D17-1289-4DB6-84E3-29B18E650BEA}.Debug|ARM.Build.0 = Debug|Any CPU
		{2D497D17-1289-4DB6-84E3-29B18E650BEA}.Debug|ARM64.ActiveCfg = Debug|Any CPU
		{2D497D17-1289-4DB6-84E3-29B18E650BEA}.Debug|ARM64.Build.0 = Debug|Any CPU
		{2D497D17-1289-4DB6-84E3-29B18E650BEA}.Debug|iPhone.ActiveCfg = Debug|Any CPU
		{2D497D17-1289-4DB6-84E3-29B18E650BEA}.Debug|iPhone.Build.0 = Debug|Any CPU
		{2D497D17-1289-4DB6-84E3-29B18E650BEA}.Debug|iPhoneSimulator.ActiveCfg = Debug|Any CPU
		{2D497D17-1289-4DB6-84E3-29B18E650BEA}.Debug|iPhoneSimulator.Build.0 = Debug|Any CPU
		{2D497D17-1289-4DB6-84E3-29B18E650BEA}.Debug|x64.ActiveCfg = Debug|Any CPU
		{2D497D17-1289-4DB6-84E3-29B18E650BEA}.Debug|x64.Build.0 = Debug|Any CPU
		{2D497D17-1289-4DB6-84E3-29B18E650BEA}.Debug|x86.ActiveCfg = Debug|Any CPU
		{2D497D17-1289-4DB6-84E3-29B18E650BEA}.Debug|x86.Build.0 = Debug|Any CPU
		{2D497D17-1289-4DB6-84E3-29B18E650BEA}.Release|Any CPU.ActiveCfg = Release|Any CPU
		{2D497D17-1289-4DB6-84E3-29B18E650BEA}.Release|Any CPU.Build.0 = Release|Any CPU
		{2D497D17-1289-4DB6-84E3-29B18E650BEA}.Release|ARM.ActiveCfg = Release|Any CPU
		{2D497D17-1289-4DB6-84E3-29B18E650BEA}.Release|ARM.Build.0 = Release|Any CPU
		{2D497D17-1289-4DB6-84E3-29B18E650BEA}.Release|ARM64.ActiveCfg = Release|Any CPU
		{2D497D17-1289-4DB6-84E3-29B18E650BEA}.Release|ARM64.Build.0 = Release|Any CPU
		{2D497D17-1289-4DB6-84E3-29B18E650BEA}.Release|iPhone.ActiveCfg = Release|Any CPU
		{2D497D17-1289-4DB6-84E3-29B18E650BEA}.Release|iPhone.Build.0 = Release|Any CPU
		{2D497D17-1289-4DB6-84E3-29B18E650BEA}.Release|iPhoneSimulator.ActiveCfg = Release|Any CPU
		{2D497D17-1289-4DB6-84E3-29B18E650BEA}.Release|iPhoneSimulator.Build.0 = Release|Any CPU
		{2D497D17-1289-4DB6-84E3-29B18E650BEA}.Release|x64.ActiveCfg = Release|Any CPU
		{2D497D17-1289-4DB6-84E3-29B18E650BEA}.Release|x64.Build.0 = Release|Any CPU
		{2D497D17-1289-4DB6-84E3-29B18E650BEA}.Release|x86.ActiveCfg = Release|Any CPU
		{2D497D17-1289-4DB6-84E3-29B18E650BEA}.Release|x86.Build.0 = Release|Any CPU
		{AA53EF41-8597-409F-A813-37B4E2C4B65D}.Ad-Hoc|Any CPU.ActiveCfg = Debug|Any CPU
		{AA53EF41-8597-409F-A813-37B4E2C4B65D}.Ad-Hoc|Any CPU.Build.0 = Debug|Any CPU
		{AA53EF41-8597-409F-A813-37B4E2C4B65D}.Ad-Hoc|ARM.ActiveCfg = Debug|Any CPU
		{AA53EF41-8597-409F-A813-37B4E2C4B65D}.Ad-Hoc|ARM.Build.0 = Debug|Any CPU
		{AA53EF41-8597-409F-A813-37B4E2C4B65D}.Ad-Hoc|ARM64.ActiveCfg = Debug|Any CPU
		{AA53EF41-8597-409F-A813-37B4E2C4B65D}.Ad-Hoc|ARM64.Build.0 = Debug|Any CPU
		{AA53EF41-8597-409F-A813-37B4E2C4B65D}.Ad-Hoc|iPhone.ActiveCfg = Debug|Any CPU
		{AA53EF41-8597-409F-A813-37B4E2C4B65D}.Ad-Hoc|iPhone.Build.0 = Debug|Any CPU
		{AA53EF41-8597-409F-A813-37B4E2C4B65D}.Ad-Hoc|iPhoneSimulator.ActiveCfg = Debug|Any CPU
		{AA53EF41-8597-409F-A813-37B4E2C4B65D}.Ad-Hoc|iPhoneSimulator.Build.0 = Debug|Any CPU
		{AA53EF41-8597-409F-A813-37B4E2C4B65D}.Ad-Hoc|x64.ActiveCfg = Debug|Any CPU
		{AA53EF41-8597-409F-A813-37B4E2C4B65D}.Ad-Hoc|x64.Build.0 = Debug|Any CPU
		{AA53EF41-8597-409F-A813-37B4E2C4B65D}.Ad-Hoc|x86.ActiveCfg = Debug|Any CPU
		{AA53EF41-8597-409F-A813-37B4E2C4B65D}.Ad-Hoc|x86.Build.0 = Debug|Any CPU
		{AA53EF41-8597-409F-A813-37B4E2C4B65D}.AppStore|Any CPU.ActiveCfg = Debug|Any CPU
		{AA53EF41-8597-409F-A813-37B4E2C4B65D}.AppStore|Any CPU.Build.0 = Debug|Any CPU
		{AA53EF41-8597-409F-A813-37B4E2C4B65D}.AppStore|ARM.ActiveCfg = Debug|Any CPU
		{AA53EF41-8597-409F-A813-37B4E2C4B65D}.AppStore|ARM.Build.0 = Debug|Any CPU
		{AA53EF41-8597-409F-A813-37B4E2C4B65D}.AppStore|ARM64.ActiveCfg = Debug|Any CPU
		{AA53EF41-8597-409F-A813-37B4E2C4B65D}.AppStore|ARM64.Build.0 = Debug|Any CPU
		{AA53EF41-8597-409F-A813-37B4E2C4B65D}.AppStore|iPhone.ActiveCfg = Debug|Any CPU
		{AA53EF41-8597-409F-A813-37B4E2C4B65D}.AppStore|iPhone.Build.0 = Debug|Any CPU
		{AA53EF41-8597-409F-A813-37B4E2C4B65D}.AppStore|iPhoneSimulator.ActiveCfg = Debug|Any CPU
		{AA53EF41-8597-409F-A813-37B4E2C4B65D}.AppStore|iPhoneSimulator.Build.0 = Debug|Any CPU
		{AA53EF41-8597-409F-A813-37B4E2C4B65D}.AppStore|x64.ActiveCfg = Debug|Any CPU
		{AA53EF41-8597-409F-A813-37B4E2C4B65D}.AppStore|x64.Build.0 = Debug|Any CPU
		{AA53EF41-8597-409F-A813-37B4E2C4B65D}.AppStore|x86.ActiveCfg = Debug|Any CPU
		{AA53EF41-8597-409F-A813-37B4E2C4B65D}.AppStore|x86.Build.0 = Debug|Any CPU
		{AA53EF41-8597-409F-A813-37B4E2C4B65D}.Blazor|Any CPU.ActiveCfg = Debug|Any CPU
		{AA53EF41-8597-409F-A813-37B4E2C4B65D}.Blazor|Any CPU.Build.0 = Debug|Any CPU
		{AA53EF41-8597-409F-A813-37B4E2C4B65D}.Blazor|ARM.ActiveCfg = Debug|Any CPU
		{AA53EF41-8597-409F-A813-37B4E2C4B65D}.Blazor|ARM.Build.0 = Debug|Any CPU
		{AA53EF41-8597-409F-A813-37B4E2C4B65D}.Blazor|ARM64.ActiveCfg = Debug|Any CPU
		{AA53EF41-8597-409F-A813-37B4E2C4B65D}.Blazor|ARM64.Build.0 = Debug|Any CPU
		{AA53EF41-8597-409F-A813-37B4E2C4B65D}.Blazor|iPhone.ActiveCfg = Debug|Any CPU
		{AA53EF41-8597-409F-A813-37B4E2C4B65D}.Blazor|iPhone.Build.0 = Debug|Any CPU
		{AA53EF41-8597-409F-A813-37B4E2C4B65D}.Blazor|iPhoneSimulator.ActiveCfg = Debug|Any CPU
		{AA53EF41-8597-409F-A813-37B4E2C4B65D}.Blazor|iPhoneSimulator.Build.0 = Debug|Any CPU
		{AA53EF41-8597-409F-A813-37B4E2C4B65D}.Blazor|x64.ActiveCfg = Debug|Any CPU
		{AA53EF41-8597-409F-A813-37B4E2C4B65D}.Blazor|x64.Build.0 = Debug|Any CPU
		{AA53EF41-8597-409F-A813-37B4E2C4B65D}.Blazor|x86.ActiveCfg = Debug|Any CPU
		{AA53EF41-8597-409F-A813-37B4E2C4B65D}.Blazor|x86.Build.0 = Debug|Any CPU
		{AA53EF41-8597-409F-A813-37B4E2C4B65D}.Debug|Any CPU.ActiveCfg = Debug|Any CPU
		{AA53EF41-8597-409F-A813-37B4E2C4B65D}.Debug|Any CPU.Build.0 = Debug|Any CPU
		{AA53EF41-8597-409F-A813-37B4E2C4B65D}.Debug|ARM.ActiveCfg = Debug|Any CPU
		{AA53EF41-8597-409F-A813-37B4E2C4B65D}.Debug|ARM.Build.0 = Debug|Any CPU
		{AA53EF41-8597-409F-A813-37B4E2C4B65D}.Debug|ARM64.ActiveCfg = Debug|Any CPU
		{AA53EF41-8597-409F-A813-37B4E2C4B65D}.Debug|ARM64.Build.0 = Debug|Any CPU
		{AA53EF41-8597-409F-A813-37B4E2C4B65D}.Debug|iPhone.ActiveCfg = Debug|Any CPU
		{AA53EF41-8597-409F-A813-37B4E2C4B65D}.Debug|iPhone.Build.0 = Debug|Any CPU
		{AA53EF41-8597-409F-A813-37B4E2C4B65D}.Debug|iPhoneSimulator.ActiveCfg = Debug|Any CPU
		{AA53EF41-8597-409F-A813-37B4E2C4B65D}.Debug|iPhoneSimulator.Build.0 = Debug|Any CPU
		{AA53EF41-8597-409F-A813-37B4E2C4B65D}.Debug|x64.ActiveCfg = Debug|Any CPU
		{AA53EF41-8597-409F-A813-37B4E2C4B65D}.Debug|x64.Build.0 = Debug|Any CPU
		{AA53EF41-8597-409F-A813-37B4E2C4B65D}.Debug|x86.ActiveCfg = Debug|Any CPU
		{AA53EF41-8597-409F-A813-37B4E2C4B65D}.Debug|x86.Build.0 = Debug|Any CPU
		{AA53EF41-8597-409F-A813-37B4E2C4B65D}.Release|Any CPU.ActiveCfg = Release|Any CPU
		{AA53EF41-8597-409F-A813-37B4E2C4B65D}.Release|Any CPU.Build.0 = Release|Any CPU
		{AA53EF41-8597-409F-A813-37B4E2C4B65D}.Release|ARM.ActiveCfg = Release|Any CPU
		{AA53EF41-8597-409F-A813-37B4E2C4B65D}.Release|ARM.Build.0 = Release|Any CPU
		{AA53EF41-8597-409F-A813-37B4E2C4B65D}.Release|ARM64.ActiveCfg = Release|Any CPU
		{AA53EF41-8597-409F-A813-37B4E2C4B65D}.Release|ARM64.Build.0 = Release|Any CPU
		{AA53EF41-8597-409F-A813-37B4E2C4B65D}.Release|iPhone.ActiveCfg = Release|Any CPU
		{AA53EF41-8597-409F-A813-37B4E2C4B65D}.Release|iPhone.Build.0 = Release|Any CPU
		{AA53EF41-8597-409F-A813-37B4E2C4B65D}.Release|iPhoneSimulator.ActiveCfg = Release|Any CPU
		{AA53EF41-8597-409F-A813-37B4E2C4B65D}.Release|iPhoneSimulator.Build.0 = Release|Any CPU
		{AA53EF41-8597-409F-A813-37B4E2C4B65D}.Release|x64.ActiveCfg = Release|Any CPU
		{AA53EF41-8597-409F-A813-37B4E2C4B65D}.Release|x64.Build.0 = Release|Any CPU
		{AA53EF41-8597-409F-A813-37B4E2C4B65D}.Release|x86.ActiveCfg = Release|Any CPU
		{AA53EF41-8597-409F-A813-37B4E2C4B65D}.Release|x86.Build.0 = Release|Any CPU
		{0C0B69A7-7DA7-4EBB-8842-70301FBF7925}.Ad-Hoc|Any CPU.ActiveCfg = Release|Any CPU
		{0C0B69A7-7DA7-4EBB-8842-70301FBF7925}.Ad-Hoc|Any CPU.Build.0 = Release|Any CPU
		{0C0B69A7-7DA7-4EBB-8842-70301FBF7925}.Ad-Hoc|Any CPU.Deploy.0 = Release|Any CPU
		{0C0B69A7-7DA7-4EBB-8842-70301FBF7925}.Ad-Hoc|ARM.ActiveCfg = Release|Any CPU
		{0C0B69A7-7DA7-4EBB-8842-70301FBF7925}.Ad-Hoc|ARM.Build.0 = Release|Any CPU
		{0C0B69A7-7DA7-4EBB-8842-70301FBF7925}.Ad-Hoc|ARM.Deploy.0 = Release|Any CPU
		{0C0B69A7-7DA7-4EBB-8842-70301FBF7925}.Ad-Hoc|ARM64.ActiveCfg = Release|Any CPU
		{0C0B69A7-7DA7-4EBB-8842-70301FBF7925}.Ad-Hoc|ARM64.Build.0 = Release|Any CPU
		{0C0B69A7-7DA7-4EBB-8842-70301FBF7925}.Ad-Hoc|ARM64.Deploy.0 = Release|Any CPU
		{0C0B69A7-7DA7-4EBB-8842-70301FBF7925}.Ad-Hoc|iPhone.ActiveCfg = Release|Any CPU
		{0C0B69A7-7DA7-4EBB-8842-70301FBF7925}.Ad-Hoc|iPhone.Build.0 = Release|Any CPU
		{0C0B69A7-7DA7-4EBB-8842-70301FBF7925}.Ad-Hoc|iPhone.Deploy.0 = Release|Any CPU
		{0C0B69A7-7DA7-4EBB-8842-70301FBF7925}.Ad-Hoc|iPhoneSimulator.ActiveCfg = Release|Any CPU
		{0C0B69A7-7DA7-4EBB-8842-70301FBF7925}.Ad-Hoc|iPhoneSimulator.Build.0 = Release|Any CPU
		{0C0B69A7-7DA7-4EBB-8842-70301FBF7925}.Ad-Hoc|iPhoneSimulator.Deploy.0 = Release|Any CPU
		{0C0B69A7-7DA7-4EBB-8842-70301FBF7925}.Ad-Hoc|x64.ActiveCfg = Release|Any CPU
		{0C0B69A7-7DA7-4EBB-8842-70301FBF7925}.Ad-Hoc|x64.Build.0 = Release|Any CPU
		{0C0B69A7-7DA7-4EBB-8842-70301FBF7925}.Ad-Hoc|x64.Deploy.0 = Release|Any CPU
		{0C0B69A7-7DA7-4EBB-8842-70301FBF7925}.Ad-Hoc|x86.ActiveCfg = Release|Any CPU
		{0C0B69A7-7DA7-4EBB-8842-70301FBF7925}.Ad-Hoc|x86.Build.0 = Release|Any CPU
		{0C0B69A7-7DA7-4EBB-8842-70301FBF7925}.Ad-Hoc|x86.Deploy.0 = Release|Any CPU
		{0C0B69A7-7DA7-4EBB-8842-70301FBF7925}.AppStore|Any CPU.ActiveCfg = Release|Any CPU
		{0C0B69A7-7DA7-4EBB-8842-70301FBF7925}.AppStore|Any CPU.Build.0 = Release|Any CPU
		{0C0B69A7-7DA7-4EBB-8842-70301FBF7925}.AppStore|Any CPU.Deploy.0 = Release|Any CPU
		{0C0B69A7-7DA7-4EBB-8842-70301FBF7925}.AppStore|ARM.ActiveCfg = Release|Any CPU
		{0C0B69A7-7DA7-4EBB-8842-70301FBF7925}.AppStore|ARM.Build.0 = Release|Any CPU
		{0C0B69A7-7DA7-4EBB-8842-70301FBF7925}.AppStore|ARM.Deploy.0 = Release|Any CPU
		{0C0B69A7-7DA7-4EBB-8842-70301FBF7925}.AppStore|ARM64.ActiveCfg = Release|Any CPU
		{0C0B69A7-7DA7-4EBB-8842-70301FBF7925}.AppStore|ARM64.Build.0 = Release|Any CPU
		{0C0B69A7-7DA7-4EBB-8842-70301FBF7925}.AppStore|ARM64.Deploy.0 = Release|Any CPU
		{0C0B69A7-7DA7-4EBB-8842-70301FBF7925}.AppStore|iPhone.ActiveCfg = Release|Any CPU
		{0C0B69A7-7DA7-4EBB-8842-70301FBF7925}.AppStore|iPhone.Build.0 = Release|Any CPU
		{0C0B69A7-7DA7-4EBB-8842-70301FBF7925}.AppStore|iPhone.Deploy.0 = Release|Any CPU
		{0C0B69A7-7DA7-4EBB-8842-70301FBF7925}.AppStore|iPhoneSimulator.ActiveCfg = Release|Any CPU
		{0C0B69A7-7DA7-4EBB-8842-70301FBF7925}.AppStore|iPhoneSimulator.Build.0 = Release|Any CPU
		{0C0B69A7-7DA7-4EBB-8842-70301FBF7925}.AppStore|iPhoneSimulator.Deploy.0 = Release|Any CPU
		{0C0B69A7-7DA7-4EBB-8842-70301FBF7925}.AppStore|x64.ActiveCfg = Release|Any CPU
		{0C0B69A7-7DA7-4EBB-8842-70301FBF7925}.AppStore|x64.Build.0 = Release|Any CPU
		{0C0B69A7-7DA7-4EBB-8842-70301FBF7925}.AppStore|x64.Deploy.0 = Release|Any CPU
		{0C0B69A7-7DA7-4EBB-8842-70301FBF7925}.AppStore|x86.ActiveCfg = Release|Any CPU
		{0C0B69A7-7DA7-4EBB-8842-70301FBF7925}.AppStore|x86.Build.0 = Release|Any CPU
		{0C0B69A7-7DA7-4EBB-8842-70301FBF7925}.AppStore|x86.Deploy.0 = Release|Any CPU
		{0C0B69A7-7DA7-4EBB-8842-70301FBF7925}.Blazor|Any CPU.ActiveCfg = Release|Any CPU
		{0C0B69A7-7DA7-4EBB-8842-70301FBF7925}.Blazor|Any CPU.Build.0 = Release|Any CPU
		{0C0B69A7-7DA7-4EBB-8842-70301FBF7925}.Blazor|Any CPU.Deploy.0 = Release|Any CPU
		{0C0B69A7-7DA7-4EBB-8842-70301FBF7925}.Blazor|ARM.ActiveCfg = Release|Any CPU
		{0C0B69A7-7DA7-4EBB-8842-70301FBF7925}.Blazor|ARM.Build.0 = Release|Any CPU
		{0C0B69A7-7DA7-4EBB-8842-70301FBF7925}.Blazor|ARM.Deploy.0 = Release|Any CPU
		{0C0B69A7-7DA7-4EBB-8842-70301FBF7925}.Blazor|ARM64.ActiveCfg = Release|Any CPU
		{0C0B69A7-7DA7-4EBB-8842-70301FBF7925}.Blazor|ARM64.Build.0 = Release|Any CPU
		{0C0B69A7-7DA7-4EBB-8842-70301FBF7925}.Blazor|ARM64.Deploy.0 = Release|Any CPU
		{0C0B69A7-7DA7-4EBB-8842-70301FBF7925}.Blazor|iPhone.ActiveCfg = Release|Any CPU
		{0C0B69A7-7DA7-4EBB-8842-70301FBF7925}.Blazor|iPhone.Build.0 = Release|Any CPU
		{0C0B69A7-7DA7-4EBB-8842-70301FBF7925}.Blazor|iPhone.Deploy.0 = Release|Any CPU
		{0C0B69A7-7DA7-4EBB-8842-70301FBF7925}.Blazor|iPhoneSimulator.ActiveCfg = Release|Any CPU
		{0C0B69A7-7DA7-4EBB-8842-70301FBF7925}.Blazor|iPhoneSimulator.Build.0 = Release|Any CPU
		{0C0B69A7-7DA7-4EBB-8842-70301FBF7925}.Blazor|iPhoneSimulator.Deploy.0 = Release|Any CPU
		{0C0B69A7-7DA7-4EBB-8842-70301FBF7925}.Blazor|x64.ActiveCfg = Release|Any CPU
		{0C0B69A7-7DA7-4EBB-8842-70301FBF7925}.Blazor|x64.Build.0 = Release|Any CPU
		{0C0B69A7-7DA7-4EBB-8842-70301FBF7925}.Blazor|x64.Deploy.0 = Release|Any CPU
		{0C0B69A7-7DA7-4EBB-8842-70301FBF7925}.Blazor|x86.ActiveCfg = Release|Any CPU
		{0C0B69A7-7DA7-4EBB-8842-70301FBF7925}.Blazor|x86.Build.0 = Release|Any CPU
		{0C0B69A7-7DA7-4EBB-8842-70301FBF7925}.Blazor|x86.Deploy.0 = Release|Any CPU
		{0C0B69A7-7DA7-4EBB-8842-70301FBF7925}.Debug|Any CPU.ActiveCfg = Debug|Any CPU
		{0C0B69A7-7DA7-4EBB-8842-70301FBF7925}.Debug|Any CPU.Build.0 = Debug|Any CPU
		{0C0B69A7-7DA7-4EBB-8842-70301FBF7925}.Debug|Any CPU.Deploy.0 = Debug|Any CPU
		{0C0B69A7-7DA7-4EBB-8842-70301FBF7925}.Debug|ARM.ActiveCfg = Debug|Any CPU
		{0C0B69A7-7DA7-4EBB-8842-70301FBF7925}.Debug|ARM.Build.0 = Debug|Any CPU
		{0C0B69A7-7DA7-4EBB-8842-70301FBF7925}.Debug|ARM.Deploy.0 = Debug|Any CPU
		{0C0B69A7-7DA7-4EBB-8842-70301FBF7925}.Debug|ARM64.ActiveCfg = Debug|Any CPU
		{0C0B69A7-7DA7-4EBB-8842-70301FBF7925}.Debug|ARM64.Build.0 = Debug|Any CPU
		{0C0B69A7-7DA7-4EBB-8842-70301FBF7925}.Debug|ARM64.Deploy.0 = Debug|Any CPU
		{0C0B69A7-7DA7-4EBB-8842-70301FBF7925}.Debug|iPhone.ActiveCfg = Debug|Any CPU
		{0C0B69A7-7DA7-4EBB-8842-70301FBF7925}.Debug|iPhone.Build.0 = Debug|Any CPU
		{0C0B69A7-7DA7-4EBB-8842-70301FBF7925}.Debug|iPhone.Deploy.0 = Debug|Any CPU
		{0C0B69A7-7DA7-4EBB-8842-70301FBF7925}.Debug|iPhoneSimulator.ActiveCfg = Debug|Any CPU
		{0C0B69A7-7DA7-4EBB-8842-70301FBF7925}.Debug|iPhoneSimulator.Build.0 = Debug|Any CPU
		{0C0B69A7-7DA7-4EBB-8842-70301FBF7925}.Debug|iPhoneSimulator.Deploy.0 = Debug|Any CPU
		{0C0B69A7-7DA7-4EBB-8842-70301FBF7925}.Debug|x64.ActiveCfg = Debug|Any CPU
		{0C0B69A7-7DA7-4EBB-8842-70301FBF7925}.Debug|x64.Build.0 = Debug|Any CPU
		{0C0B69A7-7DA7-4EBB-8842-70301FBF7925}.Debug|x64.Deploy.0 = Debug|Any CPU
		{0C0B69A7-7DA7-4EBB-8842-70301FBF7925}.Debug|x86.ActiveCfg = Debug|Any CPU
		{0C0B69A7-7DA7-4EBB-8842-70301FBF7925}.Debug|x86.Build.0 = Debug|Any CPU
		{0C0B69A7-7DA7-4EBB-8842-70301FBF7925}.Debug|x86.Deploy.0 = Debug|Any CPU
		{0C0B69A7-7DA7-4EBB-8842-70301FBF7925}.Release|Any CPU.ActiveCfg = Release|Any CPU
		{0C0B69A7-7DA7-4EBB-8842-70301FBF7925}.Release|Any CPU.Build.0 = Release|Any CPU
		{0C0B69A7-7DA7-4EBB-8842-70301FBF7925}.Release|Any CPU.Deploy.0 = Release|Any CPU
		{0C0B69A7-7DA7-4EBB-8842-70301FBF7925}.Release|ARM.ActiveCfg = Release|Any CPU
		{0C0B69A7-7DA7-4EBB-8842-70301FBF7925}.Release|ARM.Build.0 = Release|Any CPU
		{0C0B69A7-7DA7-4EBB-8842-70301FBF7925}.Release|ARM.Deploy.0 = Release|Any CPU
		{0C0B69A7-7DA7-4EBB-8842-70301FBF7925}.Release|ARM64.ActiveCfg = Release|Any CPU
		{0C0B69A7-7DA7-4EBB-8842-70301FBF7925}.Release|ARM64.Build.0 = Release|Any CPU
		{0C0B69A7-7DA7-4EBB-8842-70301FBF7925}.Release|ARM64.Deploy.0 = Release|Any CPU
		{0C0B69A7-7DA7-4EBB-8842-70301FBF7925}.Release|iPhone.ActiveCfg = Release|Any CPU
		{0C0B69A7-7DA7-4EBB-8842-70301FBF7925}.Release|iPhone.Build.0 = Release|Any CPU
		{0C0B69A7-7DA7-4EBB-8842-70301FBF7925}.Release|iPhone.Deploy.0 = Release|Any CPU
		{0C0B69A7-7DA7-4EBB-8842-70301FBF7925}.Release|iPhoneSimulator.ActiveCfg = Release|Any CPU
		{0C0B69A7-7DA7-4EBB-8842-70301FBF7925}.Release|iPhoneSimulator.Build.0 = Release|Any CPU
		{0C0B69A7-7DA7-4EBB-8842-70301FBF7925}.Release|iPhoneSimulator.Deploy.0 = Release|Any CPU
		{0C0B69A7-7DA7-4EBB-8842-70301FBF7925}.Release|x64.ActiveCfg = Release|Any CPU
		{0C0B69A7-7DA7-4EBB-8842-70301FBF7925}.Release|x64.Build.0 = Release|Any CPU
		{0C0B69A7-7DA7-4EBB-8842-70301FBF7925}.Release|x64.Deploy.0 = Release|Any CPU
		{0C0B69A7-7DA7-4EBB-8842-70301FBF7925}.Release|x86.ActiveCfg = Release|Any CPU
		{0C0B69A7-7DA7-4EBB-8842-70301FBF7925}.Release|x86.Build.0 = Release|Any CPU
		{0C0B69A7-7DA7-4EBB-8842-70301FBF7925}.Release|x86.Deploy.0 = Release|Any CPU
		{C6A6BA94-897C-48B5-8046-3DF33897BA94}.Ad-Hoc|Any CPU.ActiveCfg = Release|Any CPU
		{C6A6BA94-897C-48B5-8046-3DF33897BA94}.Ad-Hoc|Any CPU.Build.0 = Release|Any CPU
		{C6A6BA94-897C-48B5-8046-3DF33897BA94}.Ad-Hoc|ARM.ActiveCfg = Release|Any CPU
		{C6A6BA94-897C-48B5-8046-3DF33897BA94}.Ad-Hoc|ARM.Build.0 = Release|Any CPU
		{C6A6BA94-897C-48B5-8046-3DF33897BA94}.Ad-Hoc|ARM64.ActiveCfg = Release|Any CPU
		{C6A6BA94-897C-48B5-8046-3DF33897BA94}.Ad-Hoc|ARM64.Build.0 = Release|Any CPU
		{C6A6BA94-897C-48B5-8046-3DF33897BA94}.Ad-Hoc|iPhone.ActiveCfg = Release|Any CPU
		{C6A6BA94-897C-48B5-8046-3DF33897BA94}.Ad-Hoc|iPhone.Build.0 = Release|Any CPU
		{C6A6BA94-897C-48B5-8046-3DF33897BA94}.Ad-Hoc|iPhoneSimulator.ActiveCfg = Release|Any CPU
		{C6A6BA94-897C-48B5-8046-3DF33897BA94}.Ad-Hoc|iPhoneSimulator.Build.0 = Release|Any CPU
		{C6A6BA94-897C-48B5-8046-3DF33897BA94}.Ad-Hoc|x64.ActiveCfg = Release|Any CPU
		{C6A6BA94-897C-48B5-8046-3DF33897BA94}.Ad-Hoc|x64.Build.0 = Release|Any CPU
		{C6A6BA94-897C-48B5-8046-3DF33897BA94}.Ad-Hoc|x86.ActiveCfg = Release|Any CPU
		{C6A6BA94-897C-48B5-8046-3DF33897BA94}.Ad-Hoc|x86.Build.0 = Release|Any CPU
		{C6A6BA94-897C-48B5-8046-3DF33897BA94}.AppStore|Any CPU.ActiveCfg = Release|Any CPU
		{C6A6BA94-897C-48B5-8046-3DF33897BA94}.AppStore|Any CPU.Build.0 = Release|Any CPU
		{C6A6BA94-897C-48B5-8046-3DF33897BA94}.AppStore|ARM.ActiveCfg = Release|Any CPU
		{C6A6BA94-897C-48B5-8046-3DF33897BA94}.AppStore|ARM.Build.0 = Release|Any CPU
		{C6A6BA94-897C-48B5-8046-3DF33897BA94}.AppStore|ARM64.ActiveCfg = Release|Any CPU
		{C6A6BA94-897C-48B5-8046-3DF33897BA94}.AppStore|ARM64.Build.0 = Release|Any CPU
		{C6A6BA94-897C-48B5-8046-3DF33897BA94}.AppStore|iPhone.ActiveCfg = Release|Any CPU
		{C6A6BA94-897C-48B5-8046-3DF33897BA94}.AppStore|iPhone.Build.0 = Release|Any CPU
		{C6A6BA94-897C-48B5-8046-3DF33897BA94}.AppStore|iPhoneSimulator.ActiveCfg = Release|Any CPU
		{C6A6BA94-897C-48B5-8046-3DF33897BA94}.AppStore|iPhoneSimulator.Build.0 = Release|Any CPU
		{C6A6BA94-897C-48B5-8046-3DF33897BA94}.AppStore|x64.ActiveCfg = Release|Any CPU
		{C6A6BA94-897C-48B5-8046-3DF33897BA94}.AppStore|x64.Build.0 = Release|Any CPU
		{C6A6BA94-897C-48B5-8046-3DF33897BA94}.AppStore|x86.ActiveCfg = Release|Any CPU
		{C6A6BA94-897C-48B5-8046-3DF33897BA94}.AppStore|x86.Build.0 = Release|Any CPU
		{C6A6BA94-897C-48B5-8046-3DF33897BA94}.Blazor|Any CPU.ActiveCfg = Release|Any CPU
		{C6A6BA94-897C-48B5-8046-3DF33897BA94}.Blazor|Any CPU.Build.0 = Release|Any CPU
		{C6A6BA94-897C-48B5-8046-3DF33897BA94}.Blazor|ARM.ActiveCfg = Release|Any CPU
		{C6A6BA94-897C-48B5-8046-3DF33897BA94}.Blazor|ARM.Build.0 = Release|Any CPU
		{C6A6BA94-897C-48B5-8046-3DF33897BA94}.Blazor|ARM64.ActiveCfg = Release|Any CPU
		{C6A6BA94-897C-48B5-8046-3DF33897BA94}.Blazor|ARM64.Build.0 = Release|Any CPU
		{C6A6BA94-897C-48B5-8046-3DF33897BA94}.Blazor|iPhone.ActiveCfg = Release|Any CPU
		{C6A6BA94-897C-48B5-8046-3DF33897BA94}.Blazor|iPhone.Build.0 = Release|Any CPU
		{C6A6BA94-897C-48B5-8046-3DF33897BA94}.Blazor|iPhoneSimulator.ActiveCfg = Release|Any CPU
		{C6A6BA94-897C-48B5-8046-3DF33897BA94}.Blazor|iPhoneSimulator.Build.0 = Release|Any CPU
		{C6A6BA94-897C-48B5-8046-3DF33897BA94}.Blazor|x64.ActiveCfg = Release|Any CPU
		{C6A6BA94-897C-48B5-8046-3DF33897BA94}.Blazor|x64.Build.0 = Release|Any CPU
		{C6A6BA94-897C-48B5-8046-3DF33897BA94}.Blazor|x86.ActiveCfg = Release|Any CPU
		{C6A6BA94-897C-48B5-8046-3DF33897BA94}.Blazor|x86.Build.0 = Release|Any CPU
		{C6A6BA94-897C-48B5-8046-3DF33897BA94}.Debug|Any CPU.ActiveCfg = Debug|Any CPU
		{C6A6BA94-897C-48B5-8046-3DF33897BA94}.Debug|Any CPU.Build.0 = Debug|Any CPU
		{C6A6BA94-897C-48B5-8046-3DF33897BA94}.Debug|ARM.ActiveCfg = Debug|Any CPU
		{C6A6BA94-897C-48B5-8046-3DF33897BA94}.Debug|ARM.Build.0 = Debug|Any CPU
		{C6A6BA94-897C-48B5-8046-3DF33897BA94}.Debug|ARM64.ActiveCfg = Debug|Any CPU
		{C6A6BA94-897C-48B5-8046-3DF33897BA94}.Debug|ARM64.Build.0 = Debug|Any CPU
		{C6A6BA94-897C-48B5-8046-3DF33897BA94}.Debug|iPhone.ActiveCfg = Debug|Any CPU
		{C6A6BA94-897C-48B5-8046-3DF33897BA94}.Debug|iPhone.Build.0 = Debug|Any CPU
		{C6A6BA94-897C-48B5-8046-3DF33897BA94}.Debug|iPhoneSimulator.ActiveCfg = Debug|Any CPU
		{C6A6BA94-897C-48B5-8046-3DF33897BA94}.Debug|iPhoneSimulator.Build.0 = Debug|Any CPU
		{C6A6BA94-897C-48B5-8046-3DF33897BA94}.Debug|x64.ActiveCfg = Debug|Any CPU
		{C6A6BA94-897C-48B5-8046-3DF33897BA94}.Debug|x64.Build.0 = Debug|Any CPU
		{C6A6BA94-897C-48B5-8046-3DF33897BA94}.Debug|x86.ActiveCfg = Debug|Any CPU
		{C6A6BA94-897C-48B5-8046-3DF33897BA94}.Debug|x86.Build.0 = Debug|Any CPU
		{C6A6BA94-897C-48B5-8046-3DF33897BA94}.Release|Any CPU.ActiveCfg = Release|Any CPU
		{C6A6BA94-897C-48B5-8046-3DF33897BA94}.Release|Any CPU.Build.0 = Release|Any CPU
		{C6A6BA94-897C-48B5-8046-3DF33897BA94}.Release|ARM.ActiveCfg = Release|Any CPU
		{C6A6BA94-897C-48B5-8046-3DF33897BA94}.Release|ARM.Build.0 = Release|Any CPU
		{C6A6BA94-897C-48B5-8046-3DF33897BA94}.Release|ARM64.ActiveCfg = Release|Any CPU
		{C6A6BA94-897C-48B5-8046-3DF33897BA94}.Release|ARM64.Build.0 = Release|Any CPU
		{C6A6BA94-897C-48B5-8046-3DF33897BA94}.Release|iPhone.ActiveCfg = Release|Any CPU
		{C6A6BA94-897C-48B5-8046-3DF33897BA94}.Release|iPhone.Build.0 = Release|Any CPU
		{C6A6BA94-897C-48B5-8046-3DF33897BA94}.Release|iPhoneSimulator.ActiveCfg = Release|Any CPU
		{C6A6BA94-897C-48B5-8046-3DF33897BA94}.Release|iPhoneSimulator.Build.0 = Release|Any CPU
		{C6A6BA94-897C-48B5-8046-3DF33897BA94}.Release|x64.ActiveCfg = Release|Any CPU
		{C6A6BA94-897C-48B5-8046-3DF33897BA94}.Release|x64.Build.0 = Release|Any CPU
		{C6A6BA94-897C-48B5-8046-3DF33897BA94}.Release|x86.ActiveCfg = Release|Any CPU
		{C6A6BA94-897C-48B5-8046-3DF33897BA94}.Release|x86.Build.0 = Release|Any CPU
		{FD6C4559-5E95-43E9-A810-FC338391BE0A}.Ad-Hoc|Any CPU.ActiveCfg = Ad-Hoc|iPhone
		{FD6C4559-5E95-43E9-A810-FC338391BE0A}.Ad-Hoc|ARM.ActiveCfg = Ad-Hoc|iPhone
		{FD6C4559-5E95-43E9-A810-FC338391BE0A}.Ad-Hoc|ARM64.ActiveCfg = Ad-Hoc|iPhone
		{FD6C4559-5E95-43E9-A810-FC338391BE0A}.Ad-Hoc|iPhone.ActiveCfg = Ad-Hoc|iPhone
		{FD6C4559-5E95-43E9-A810-FC338391BE0A}.Ad-Hoc|iPhone.Build.0 = Ad-Hoc|iPhone
		{FD6C4559-5E95-43E9-A810-FC338391BE0A}.Ad-Hoc|iPhoneSimulator.ActiveCfg = Ad-Hoc|iPhoneSimulator
		{FD6C4559-5E95-43E9-A810-FC338391BE0A}.Ad-Hoc|iPhoneSimulator.Build.0 = Ad-Hoc|iPhoneSimulator
		{FD6C4559-5E95-43E9-A810-FC338391BE0A}.Ad-Hoc|iPhoneSimulator.Deploy.0 = Ad-Hoc|iPhoneSimulator
		{FD6C4559-5E95-43E9-A810-FC338391BE0A}.Ad-Hoc|x64.ActiveCfg = Ad-Hoc|iPhone
		{FD6C4559-5E95-43E9-A810-FC338391BE0A}.Ad-Hoc|x86.ActiveCfg = Ad-Hoc|iPhone
		{FD6C4559-5E95-43E9-A810-FC338391BE0A}.AppStore|Any CPU.ActiveCfg = AppStore|iPhone
		{FD6C4559-5E95-43E9-A810-FC338391BE0A}.AppStore|ARM.ActiveCfg = AppStore|iPhone
		{FD6C4559-5E95-43E9-A810-FC338391BE0A}.AppStore|ARM64.ActiveCfg = AppStore|iPhone
		{FD6C4559-5E95-43E9-A810-FC338391BE0A}.AppStore|iPhone.ActiveCfg = AppStore|iPhone
		{FD6C4559-5E95-43E9-A810-FC338391BE0A}.AppStore|iPhone.Build.0 = AppStore|iPhone
		{FD6C4559-5E95-43E9-A810-FC338391BE0A}.AppStore|iPhone.Deploy.0 = AppStore|iPhone
		{FD6C4559-5E95-43E9-A810-FC338391BE0A}.AppStore|iPhoneSimulator.ActiveCfg = AppStore|iPhoneSimulator
		{FD6C4559-5E95-43E9-A810-FC338391BE0A}.AppStore|iPhoneSimulator.Build.0 = AppStore|iPhoneSimulator
		{FD6C4559-5E95-43E9-A810-FC338391BE0A}.AppStore|iPhoneSimulator.Deploy.0 = AppStore|iPhoneSimulator
		{FD6C4559-5E95-43E9-A810-FC338391BE0A}.AppStore|x64.ActiveCfg = AppStore|iPhone
		{FD6C4559-5E95-43E9-A810-FC338391BE0A}.AppStore|x86.ActiveCfg = AppStore|iPhone
		{FD6C4559-5E95-43E9-A810-FC338391BE0A}.Blazor|Any CPU.ActiveCfg = AppStore|iPhone
		{FD6C4559-5E95-43E9-A810-FC338391BE0A}.Blazor|Any CPU.Build.0 = AppStore|iPhone
		{FD6C4559-5E95-43E9-A810-FC338391BE0A}.Blazor|Any CPU.Deploy.0 = AppStore|iPhone
		{FD6C4559-5E95-43E9-A810-FC338391BE0A}.Blazor|ARM.ActiveCfg = AppStore|iPhone
		{FD6C4559-5E95-43E9-A810-FC338391BE0A}.Blazor|ARM.Build.0 = AppStore|iPhone
		{FD6C4559-5E95-43E9-A810-FC338391BE0A}.Blazor|ARM.Deploy.0 = AppStore|iPhone
		{FD6C4559-5E95-43E9-A810-FC338391BE0A}.Blazor|ARM64.ActiveCfg = AppStore|iPhone
		{FD6C4559-5E95-43E9-A810-FC338391BE0A}.Blazor|ARM64.Build.0 = AppStore|iPhone
		{FD6C4559-5E95-43E9-A810-FC338391BE0A}.Blazor|ARM64.Deploy.0 = AppStore|iPhone
		{FD6C4559-5E95-43E9-A810-FC338391BE0A}.Blazor|iPhone.ActiveCfg = AppStore|iPhone
		{FD6C4559-5E95-43E9-A810-FC338391BE0A}.Blazor|iPhone.Build.0 = AppStore|iPhone
		{FD6C4559-5E95-43E9-A810-FC338391BE0A}.Blazor|iPhone.Deploy.0 = AppStore|iPhone
		{FD6C4559-5E95-43E9-A810-FC338391BE0A}.Blazor|iPhoneSimulator.ActiveCfg = AppStore|iPhoneSimulator
		{FD6C4559-5E95-43E9-A810-FC338391BE0A}.Blazor|iPhoneSimulator.Build.0 = AppStore|iPhoneSimulator
		{FD6C4559-5E95-43E9-A810-FC338391BE0A}.Blazor|iPhoneSimulator.Deploy.0 = AppStore|iPhoneSimulator
		{FD6C4559-5E95-43E9-A810-FC338391BE0A}.Blazor|x64.ActiveCfg = AppStore|iPhone
		{FD6C4559-5E95-43E9-A810-FC338391BE0A}.Blazor|x64.Build.0 = AppStore|iPhone
		{FD6C4559-5E95-43E9-A810-FC338391BE0A}.Blazor|x64.Deploy.0 = AppStore|iPhone
		{FD6C4559-5E95-43E9-A810-FC338391BE0A}.Blazor|x86.ActiveCfg = AppStore|iPhone
		{FD6C4559-5E95-43E9-A810-FC338391BE0A}.Blazor|x86.Build.0 = AppStore|iPhone
		{FD6C4559-5E95-43E9-A810-FC338391BE0A}.Blazor|x86.Deploy.0 = AppStore|iPhone
		{FD6C4559-5E95-43E9-A810-FC338391BE0A}.Debug|Any CPU.ActiveCfg = Debug|iPhone
		{FD6C4559-5E95-43E9-A810-FC338391BE0A}.Debug|ARM.ActiveCfg = Debug|iPhone
		{FD6C4559-5E95-43E9-A810-FC338391BE0A}.Debug|ARM64.ActiveCfg = Debug|iPhone
		{FD6C4559-5E95-43E9-A810-FC338391BE0A}.Debug|iPhone.ActiveCfg = Debug|iPhone
		{FD6C4559-5E95-43E9-A810-FC338391BE0A}.Debug|iPhone.Build.0 = Debug|iPhone
		{FD6C4559-5E95-43E9-A810-FC338391BE0A}.Debug|iPhone.Deploy.0 = Debug|iPhone
		{FD6C4559-5E95-43E9-A810-FC338391BE0A}.Debug|iPhoneSimulator.ActiveCfg = Debug|iPhoneSimulator
		{FD6C4559-5E95-43E9-A810-FC338391BE0A}.Debug|iPhoneSimulator.Build.0 = Debug|iPhoneSimulator
		{FD6C4559-5E95-43E9-A810-FC338391BE0A}.Debug|iPhoneSimulator.Deploy.0 = Debug|iPhoneSimulator
		{FD6C4559-5E95-43E9-A810-FC338391BE0A}.Debug|x64.ActiveCfg = Debug|iPhone
		{FD6C4559-5E95-43E9-A810-FC338391BE0A}.Debug|x86.ActiveCfg = Debug|iPhone
		{FD6C4559-5E95-43E9-A810-FC338391BE0A}.Release|Any CPU.ActiveCfg = Release|iPhone
		{FD6C4559-5E95-43E9-A810-FC338391BE0A}.Release|ARM.ActiveCfg = Release|iPhone
		{FD6C4559-5E95-43E9-A810-FC338391BE0A}.Release|ARM64.ActiveCfg = Release|iPhone
		{FD6C4559-5E95-43E9-A810-FC338391BE0A}.Release|iPhone.ActiveCfg = Release|iPhone
		{FD6C4559-5E95-43E9-A810-FC338391BE0A}.Release|iPhone.Build.0 = Release|iPhone
		{FD6C4559-5E95-43E9-A810-FC338391BE0A}.Release|iPhone.Deploy.0 = Release|iPhone
		{FD6C4559-5E95-43E9-A810-FC338391BE0A}.Release|iPhoneSimulator.ActiveCfg = Release|iPhoneSimulator
		{FD6C4559-5E95-43E9-A810-FC338391BE0A}.Release|iPhoneSimulator.Build.0 = Release|iPhoneSimulator
		{FD6C4559-5E95-43E9-A810-FC338391BE0A}.Release|iPhoneSimulator.Deploy.0 = Release|iPhoneSimulator
		{FD6C4559-5E95-43E9-A810-FC338391BE0A}.Release|x64.ActiveCfg = Release|iPhone
		{FD6C4559-5E95-43E9-A810-FC338391BE0A}.Release|x86.ActiveCfg = Release|iPhone
		{DD943C1C-E8DE-4673-BCF4-CF274E06E36B}.Ad-Hoc|Any CPU.ActiveCfg = Release|Any CPU
		{DD943C1C-E8DE-4673-BCF4-CF274E06E36B}.Ad-Hoc|Any CPU.Build.0 = Release|Any CPU
		{DD943C1C-E8DE-4673-BCF4-CF274E06E36B}.Ad-Hoc|ARM.ActiveCfg = Release|Any CPU
		{DD943C1C-E8DE-4673-BCF4-CF274E06E36B}.Ad-Hoc|ARM.Build.0 = Release|Any CPU
		{DD943C1C-E8DE-4673-BCF4-CF274E06E36B}.Ad-Hoc|ARM64.ActiveCfg = Release|Any CPU
		{DD943C1C-E8DE-4673-BCF4-CF274E06E36B}.Ad-Hoc|ARM64.Build.0 = Release|Any CPU
		{DD943C1C-E8DE-4673-BCF4-CF274E06E36B}.Ad-Hoc|iPhone.ActiveCfg = Release|Any CPU
		{DD943C1C-E8DE-4673-BCF4-CF274E06E36B}.Ad-Hoc|iPhone.Build.0 = Release|Any CPU
		{DD943C1C-E8DE-4673-BCF4-CF274E06E36B}.Ad-Hoc|iPhoneSimulator.ActiveCfg = Release|Any CPU
		{DD943C1C-E8DE-4673-BCF4-CF274E06E36B}.Ad-Hoc|iPhoneSimulator.Build.0 = Release|Any CPU
		{DD943C1C-E8DE-4673-BCF4-CF274E06E36B}.Ad-Hoc|x64.ActiveCfg = Release|Any CPU
		{DD943C1C-E8DE-4673-BCF4-CF274E06E36B}.Ad-Hoc|x64.Build.0 = Release|Any CPU
		{DD943C1C-E8DE-4673-BCF4-CF274E06E36B}.Ad-Hoc|x86.ActiveCfg = Release|Any CPU
		{DD943C1C-E8DE-4673-BCF4-CF274E06E36B}.Ad-Hoc|x86.Build.0 = Release|Any CPU
		{DD943C1C-E8DE-4673-BCF4-CF274E06E36B}.AppStore|Any CPU.ActiveCfg = Release|Any CPU
		{DD943C1C-E8DE-4673-BCF4-CF274E06E36B}.AppStore|Any CPU.Build.0 = Release|Any CPU
		{DD943C1C-E8DE-4673-BCF4-CF274E06E36B}.AppStore|ARM.ActiveCfg = Release|Any CPU
		{DD943C1C-E8DE-4673-BCF4-CF274E06E36B}.AppStore|ARM.Build.0 = Release|Any CPU
		{DD943C1C-E8DE-4673-BCF4-CF274E06E36B}.AppStore|ARM64.ActiveCfg = Release|Any CPU
		{DD943C1C-E8DE-4673-BCF4-CF274E06E36B}.AppStore|ARM64.Build.0 = Release|Any CPU
		{DD943C1C-E8DE-4673-BCF4-CF274E06E36B}.AppStore|iPhone.ActiveCfg = Release|Any CPU
		{DD943C1C-E8DE-4673-BCF4-CF274E06E36B}.AppStore|iPhone.Build.0 = Release|Any CPU
		{DD943C1C-E8DE-4673-BCF4-CF274E06E36B}.AppStore|iPhoneSimulator.ActiveCfg = Release|Any CPU
		{DD943C1C-E8DE-4673-BCF4-CF274E06E36B}.AppStore|iPhoneSimulator.Build.0 = Release|Any CPU
		{DD943C1C-E8DE-4673-BCF4-CF274E06E36B}.AppStore|x64.ActiveCfg = Release|Any CPU
		{DD943C1C-E8DE-4673-BCF4-CF274E06E36B}.AppStore|x64.Build.0 = Release|Any CPU
		{DD943C1C-E8DE-4673-BCF4-CF274E06E36B}.AppStore|x86.ActiveCfg = Release|Any CPU
		{DD943C1C-E8DE-4673-BCF4-CF274E06E36B}.AppStore|x86.Build.0 = Release|Any CPU
		{DD943C1C-E8DE-4673-BCF4-CF274E06E36B}.Blazor|Any CPU.ActiveCfg = Release|Any CPU
		{DD943C1C-E8DE-4673-BCF4-CF274E06E36B}.Blazor|Any CPU.Build.0 = Release|Any CPU
		{DD943C1C-E8DE-4673-BCF4-CF274E06E36B}.Blazor|ARM.ActiveCfg = Release|Any CPU
		{DD943C1C-E8DE-4673-BCF4-CF274E06E36B}.Blazor|ARM.Build.0 = Release|Any CPU
		{DD943C1C-E8DE-4673-BCF4-CF274E06E36B}.Blazor|ARM64.ActiveCfg = Release|Any CPU
		{DD943C1C-E8DE-4673-BCF4-CF274E06E36B}.Blazor|ARM64.Build.0 = Release|Any CPU
		{DD943C1C-E8DE-4673-BCF4-CF274E06E36B}.Blazor|iPhone.ActiveCfg = Release|Any CPU
		{DD943C1C-E8DE-4673-BCF4-CF274E06E36B}.Blazor|iPhone.Build.0 = Release|Any CPU
		{DD943C1C-E8DE-4673-BCF4-CF274E06E36B}.Blazor|iPhoneSimulator.ActiveCfg = Release|Any CPU
		{DD943C1C-E8DE-4673-BCF4-CF274E06E36B}.Blazor|iPhoneSimulator.Build.0 = Release|Any CPU
		{DD943C1C-E8DE-4673-BCF4-CF274E06E36B}.Blazor|x64.ActiveCfg = Release|Any CPU
		{DD943C1C-E8DE-4673-BCF4-CF274E06E36B}.Blazor|x64.Build.0 = Release|Any CPU
		{DD943C1C-E8DE-4673-BCF4-CF274E06E36B}.Blazor|x86.ActiveCfg = Release|Any CPU
		{DD943C1C-E8DE-4673-BCF4-CF274E06E36B}.Blazor|x86.Build.0 = Release|Any CPU
		{DD943C1C-E8DE-4673-BCF4-CF274E06E36B}.Debug|Any CPU.ActiveCfg = Debug|Any CPU
		{DD943C1C-E8DE-4673-BCF4-CF274E06E36B}.Debug|Any CPU.Build.0 = Debug|Any CPU
		{DD943C1C-E8DE-4673-BCF4-CF274E06E36B}.Debug|ARM.ActiveCfg = Debug|Any CPU
		{DD943C1C-E8DE-4673-BCF4-CF274E06E36B}.Debug|ARM.Build.0 = Debug|Any CPU
		{DD943C1C-E8DE-4673-BCF4-CF274E06E36B}.Debug|ARM64.ActiveCfg = Debug|Any CPU
		{DD943C1C-E8DE-4673-BCF4-CF274E06E36B}.Debug|ARM64.Build.0 = Debug|Any CPU
		{DD943C1C-E8DE-4673-BCF4-CF274E06E36B}.Debug|iPhone.ActiveCfg = Debug|Any CPU
		{DD943C1C-E8DE-4673-BCF4-CF274E06E36B}.Debug|iPhone.Build.0 = Debug|Any CPU
		{DD943C1C-E8DE-4673-BCF4-CF274E06E36B}.Debug|iPhoneSimulator.ActiveCfg = Debug|Any CPU
		{DD943C1C-E8DE-4673-BCF4-CF274E06E36B}.Debug|iPhoneSimulator.Build.0 = Debug|Any CPU
		{DD943C1C-E8DE-4673-BCF4-CF274E06E36B}.Debug|x64.ActiveCfg = Debug|Any CPU
		{DD943C1C-E8DE-4673-BCF4-CF274E06E36B}.Debug|x64.Build.0 = Debug|Any CPU
		{DD943C1C-E8DE-4673-BCF4-CF274E06E36B}.Debug|x86.ActiveCfg = Debug|Any CPU
		{DD943C1C-E8DE-4673-BCF4-CF274E06E36B}.Debug|x86.Build.0 = Debug|Any CPU
		{DD943C1C-E8DE-4673-BCF4-CF274E06E36B}.Release|Any CPU.ActiveCfg = Release|Any CPU
		{DD943C1C-E8DE-4673-BCF4-CF274E06E36B}.Release|Any CPU.Build.0 = Release|Any CPU
		{DD943C1C-E8DE-4673-BCF4-CF274E06E36B}.Release|ARM.ActiveCfg = Release|Any CPU
		{DD943C1C-E8DE-4673-BCF4-CF274E06E36B}.Release|ARM.Build.0 = Release|Any CPU
		{DD943C1C-E8DE-4673-BCF4-CF274E06E36B}.Release|ARM64.ActiveCfg = Release|Any CPU
		{DD943C1C-E8DE-4673-BCF4-CF274E06E36B}.Release|ARM64.Build.0 = Release|Any CPU
		{DD943C1C-E8DE-4673-BCF4-CF274E06E36B}.Release|iPhone.ActiveCfg = Release|Any CPU
		{DD943C1C-E8DE-4673-BCF4-CF274E06E36B}.Release|iPhone.Build.0 = Release|Any CPU
		{DD943C1C-E8DE-4673-BCF4-CF274E06E36B}.Release|iPhoneSimulator.ActiveCfg = Release|Any CPU
		{DD943C1C-E8DE-4673-BCF4-CF274E06E36B}.Release|iPhoneSimulator.Build.0 = Release|Any CPU
		{DD943C1C-E8DE-4673-BCF4-CF274E06E36B}.Release|x64.ActiveCfg = Release|Any CPU
		{DD943C1C-E8DE-4673-BCF4-CF274E06E36B}.Release|x64.Build.0 = Release|Any CPU
		{DD943C1C-E8DE-4673-BCF4-CF274E06E36B}.Release|x86.ActiveCfg = Release|Any CPU
		{DD943C1C-E8DE-4673-BCF4-CF274E06E36B}.Release|x86.Build.0 = Release|Any CPU
		{0701BD1E-31A3-48E6-81B9-9C5B00584909}.Ad-Hoc|Any CPU.ActiveCfg = Release|x64
		{0701BD1E-31A3-48E6-81B9-9C5B00584909}.Ad-Hoc|Any CPU.Build.0 = Release|x64
		{0701BD1E-31A3-48E6-81B9-9C5B00584909}.Ad-Hoc|Any CPU.Deploy.0 = Release|x64
		{0701BD1E-31A3-48E6-81B9-9C5B00584909}.Ad-Hoc|ARM.ActiveCfg = Release|ARM
		{0701BD1E-31A3-48E6-81B9-9C5B00584909}.Ad-Hoc|ARM.Build.0 = Release|ARM
		{0701BD1E-31A3-48E6-81B9-9C5B00584909}.Ad-Hoc|ARM.Deploy.0 = Release|ARM
		{0701BD1E-31A3-48E6-81B9-9C5B00584909}.Ad-Hoc|ARM64.ActiveCfg = Release|ARM64
		{0701BD1E-31A3-48E6-81B9-9C5B00584909}.Ad-Hoc|ARM64.Build.0 = Release|ARM64
		{0701BD1E-31A3-48E6-81B9-9C5B00584909}.Ad-Hoc|ARM64.Deploy.0 = Release|ARM64
		{0701BD1E-31A3-48E6-81B9-9C5B00584909}.Ad-Hoc|iPhone.ActiveCfg = Release|x64
		{0701BD1E-31A3-48E6-81B9-9C5B00584909}.Ad-Hoc|iPhone.Build.0 = Release|x64
		{0701BD1E-31A3-48E6-81B9-9C5B00584909}.Ad-Hoc|iPhone.Deploy.0 = Release|x64
		{0701BD1E-31A3-48E6-81B9-9C5B00584909}.Ad-Hoc|iPhoneSimulator.ActiveCfg = Release|x64
		{0701BD1E-31A3-48E6-81B9-9C5B00584909}.Ad-Hoc|iPhoneSimulator.Build.0 = Release|x64
		{0701BD1E-31A3-48E6-81B9-9C5B00584909}.Ad-Hoc|iPhoneSimulator.Deploy.0 = Release|x64
		{0701BD1E-31A3-48E6-81B9-9C5B00584909}.Ad-Hoc|x64.ActiveCfg = Release|x64
		{0701BD1E-31A3-48E6-81B9-9C5B00584909}.Ad-Hoc|x64.Build.0 = Release|x64
		{0701BD1E-31A3-48E6-81B9-9C5B00584909}.Ad-Hoc|x64.Deploy.0 = Release|x64
		{0701BD1E-31A3-48E6-81B9-9C5B00584909}.Ad-Hoc|x86.ActiveCfg = Release|x86
		{0701BD1E-31A3-48E6-81B9-9C5B00584909}.Ad-Hoc|x86.Build.0 = Release|x86
		{0701BD1E-31A3-48E6-81B9-9C5B00584909}.Ad-Hoc|x86.Deploy.0 = Release|x86
		{0701BD1E-31A3-48E6-81B9-9C5B00584909}.AppStore|Any CPU.ActiveCfg = Release|x64
		{0701BD1E-31A3-48E6-81B9-9C5B00584909}.AppStore|Any CPU.Build.0 = Release|x64
		{0701BD1E-31A3-48E6-81B9-9C5B00584909}.AppStore|Any CPU.Deploy.0 = Release|x64
		{0701BD1E-31A3-48E6-81B9-9C5B00584909}.AppStore|ARM.ActiveCfg = Release|ARM
		{0701BD1E-31A3-48E6-81B9-9C5B00584909}.AppStore|ARM.Build.0 = Release|ARM
		{0701BD1E-31A3-48E6-81B9-9C5B00584909}.AppStore|ARM.Deploy.0 = Release|ARM
		{0701BD1E-31A3-48E6-81B9-9C5B00584909}.AppStore|ARM64.ActiveCfg = Release|ARM64
		{0701BD1E-31A3-48E6-81B9-9C5B00584909}.AppStore|ARM64.Build.0 = Release|ARM64
		{0701BD1E-31A3-48E6-81B9-9C5B00584909}.AppStore|ARM64.Deploy.0 = Release|ARM64
		{0701BD1E-31A3-48E6-81B9-9C5B00584909}.AppStore|iPhone.ActiveCfg = Release|x64
		{0701BD1E-31A3-48E6-81B9-9C5B00584909}.AppStore|iPhone.Build.0 = Release|x64
		{0701BD1E-31A3-48E6-81B9-9C5B00584909}.AppStore|iPhone.Deploy.0 = Release|x64
		{0701BD1E-31A3-48E6-81B9-9C5B00584909}.AppStore|iPhoneSimulator.ActiveCfg = Release|x64
		{0701BD1E-31A3-48E6-81B9-9C5B00584909}.AppStore|iPhoneSimulator.Build.0 = Release|x64
		{0701BD1E-31A3-48E6-81B9-9C5B00584909}.AppStore|iPhoneSimulator.Deploy.0 = Release|x64
		{0701BD1E-31A3-48E6-81B9-9C5B00584909}.AppStore|x64.ActiveCfg = Release|x64
		{0701BD1E-31A3-48E6-81B9-9C5B00584909}.AppStore|x64.Build.0 = Release|x64
		{0701BD1E-31A3-48E6-81B9-9C5B00584909}.AppStore|x64.Deploy.0 = Release|x64
		{0701BD1E-31A3-48E6-81B9-9C5B00584909}.AppStore|x86.ActiveCfg = Release|x86
		{0701BD1E-31A3-48E6-81B9-9C5B00584909}.AppStore|x86.Build.0 = Release|x86
		{0701BD1E-31A3-48E6-81B9-9C5B00584909}.AppStore|x86.Deploy.0 = Release|x86
		{0701BD1E-31A3-48E6-81B9-9C5B00584909}.Blazor|Any CPU.ActiveCfg = Release|x64
		{0701BD1E-31A3-48E6-81B9-9C5B00584909}.Blazor|Any CPU.Build.0 = Release|x64
		{0701BD1E-31A3-48E6-81B9-9C5B00584909}.Blazor|Any CPU.Deploy.0 = Release|x64
		{0701BD1E-31A3-48E6-81B9-9C5B00584909}.Blazor|ARM.ActiveCfg = Release|ARM
		{0701BD1E-31A3-48E6-81B9-9C5B00584909}.Blazor|ARM.Build.0 = Release|ARM
		{0701BD1E-31A3-48E6-81B9-9C5B00584909}.Blazor|ARM.Deploy.0 = Release|ARM
		{0701BD1E-31A3-48E6-81B9-9C5B00584909}.Blazor|ARM64.ActiveCfg = Release|ARM64
		{0701BD1E-31A3-48E6-81B9-9C5B00584909}.Blazor|ARM64.Build.0 = Release|ARM64
		{0701BD1E-31A3-48E6-81B9-9C5B00584909}.Blazor|ARM64.Deploy.0 = Release|ARM64
		{0701BD1E-31A3-48E6-81B9-9C5B00584909}.Blazor|iPhone.ActiveCfg = Release|x64
		{0701BD1E-31A3-48E6-81B9-9C5B00584909}.Blazor|iPhone.Build.0 = Release|x64
		{0701BD1E-31A3-48E6-81B9-9C5B00584909}.Blazor|iPhone.Deploy.0 = Release|x64
		{0701BD1E-31A3-48E6-81B9-9C5B00584909}.Blazor|iPhoneSimulator.ActiveCfg = Release|x64
		{0701BD1E-31A3-48E6-81B9-9C5B00584909}.Blazor|iPhoneSimulator.Build.0 = Release|x64
		{0701BD1E-31A3-48E6-81B9-9C5B00584909}.Blazor|iPhoneSimulator.Deploy.0 = Release|x64
		{0701BD1E-31A3-48E6-81B9-9C5B00584909}.Blazor|x64.ActiveCfg = Release|x64
		{0701BD1E-31A3-48E6-81B9-9C5B00584909}.Blazor|x64.Build.0 = Release|x64
		{0701BD1E-31A3-48E6-81B9-9C5B00584909}.Blazor|x64.Deploy.0 = Release|x64
		{0701BD1E-31A3-48E6-81B9-9C5B00584909}.Blazor|x86.ActiveCfg = Release|x86
		{0701BD1E-31A3-48E6-81B9-9C5B00584909}.Blazor|x86.Build.0 = Release|x86
		{0701BD1E-31A3-48E6-81B9-9C5B00584909}.Blazor|x86.Deploy.0 = Release|x86
		{0701BD1E-31A3-48E6-81B9-9C5B00584909}.Debug|Any CPU.ActiveCfg = Debug|x86
		{0701BD1E-31A3-48E6-81B9-9C5B00584909}.Debug|ARM.ActiveCfg = Debug|ARM
		{0701BD1E-31A3-48E6-81B9-9C5B00584909}.Debug|ARM.Build.0 = Debug|ARM
		{0701BD1E-31A3-48E6-81B9-9C5B00584909}.Debug|ARM.Deploy.0 = Debug|ARM
		{0701BD1E-31A3-48E6-81B9-9C5B00584909}.Debug|ARM64.ActiveCfg = Debug|ARM64
		{0701BD1E-31A3-48E6-81B9-9C5B00584909}.Debug|ARM64.Build.0 = Debug|ARM64
		{0701BD1E-31A3-48E6-81B9-9C5B00584909}.Debug|ARM64.Deploy.0 = Debug|ARM64
		{0701BD1E-31A3-48E6-81B9-9C5B00584909}.Debug|iPhone.ActiveCfg = Debug|x86
		{0701BD1E-31A3-48E6-81B9-9C5B00584909}.Debug|iPhoneSimulator.ActiveCfg = Debug|x86
		{0701BD1E-31A3-48E6-81B9-9C5B00584909}.Debug|x64.ActiveCfg = Debug|x64
		{0701BD1E-31A3-48E6-81B9-9C5B00584909}.Debug|x64.Build.0 = Debug|x64
		{0701BD1E-31A3-48E6-81B9-9C5B00584909}.Debug|x64.Deploy.0 = Debug|x64
		{0701BD1E-31A3-48E6-81B9-9C5B00584909}.Debug|x86.ActiveCfg = Debug|x86
		{0701BD1E-31A3-48E6-81B9-9C5B00584909}.Debug|x86.Build.0 = Debug|x86
		{0701BD1E-31A3-48E6-81B9-9C5B00584909}.Debug|x86.Deploy.0 = Debug|x86
		{0701BD1E-31A3-48E6-81B9-9C5B00584909}.Release|Any CPU.ActiveCfg = Release|x86
		{0701BD1E-31A3-48E6-81B9-9C5B00584909}.Release|ARM.ActiveCfg = Release|ARM
		{0701BD1E-31A3-48E6-81B9-9C5B00584909}.Release|ARM.Build.0 = Release|ARM
		{0701BD1E-31A3-48E6-81B9-9C5B00584909}.Release|ARM.Deploy.0 = Release|ARM
		{0701BD1E-31A3-48E6-81B9-9C5B00584909}.Release|ARM64.ActiveCfg = Release|ARM64
		{0701BD1E-31A3-48E6-81B9-9C5B00584909}.Release|ARM64.Build.0 = Release|ARM64
		{0701BD1E-31A3-48E6-81B9-9C5B00584909}.Release|ARM64.Deploy.0 = Release|ARM64
		{0701BD1E-31A3-48E6-81B9-9C5B00584909}.Release|iPhone.ActiveCfg = Release|x86
		{0701BD1E-31A3-48E6-81B9-9C5B00584909}.Release|iPhoneSimulator.ActiveCfg = Release|x86
		{0701BD1E-31A3-48E6-81B9-9C5B00584909}.Release|x64.ActiveCfg = Release|x64
		{0701BD1E-31A3-48E6-81B9-9C5B00584909}.Release|x64.Build.0 = Release|x64
		{0701BD1E-31A3-48E6-81B9-9C5B00584909}.Release|x64.Deploy.0 = Release|x64
		{0701BD1E-31A3-48E6-81B9-9C5B00584909}.Release|x86.ActiveCfg = Release|x86
		{0701BD1E-31A3-48E6-81B9-9C5B00584909}.Release|x86.Build.0 = Release|x86
		{0701BD1E-31A3-48E6-81B9-9C5B00584909}.Release|x86.Deploy.0 = Release|x86
		{CCEEC157-8B9C-4A1B-8B0C-CAA120A28337}.Ad-Hoc|Any CPU.ActiveCfg = Debug|Any CPU
		{CCEEC157-8B9C-4A1B-8B0C-CAA120A28337}.Ad-Hoc|Any CPU.Build.0 = Debug|Any CPU
		{CCEEC157-8B9C-4A1B-8B0C-CAA120A28337}.Ad-Hoc|ARM.ActiveCfg = Debug|Any CPU
		{CCEEC157-8B9C-4A1B-8B0C-CAA120A28337}.Ad-Hoc|ARM.Build.0 = Debug|Any CPU
		{CCEEC157-8B9C-4A1B-8B0C-CAA120A28337}.Ad-Hoc|ARM64.ActiveCfg = Debug|Any CPU
		{CCEEC157-8B9C-4A1B-8B0C-CAA120A28337}.Ad-Hoc|ARM64.Build.0 = Debug|Any CPU
		{CCEEC157-8B9C-4A1B-8B0C-CAA120A28337}.Ad-Hoc|iPhone.ActiveCfg = Debug|Any CPU
		{CCEEC157-8B9C-4A1B-8B0C-CAA120A28337}.Ad-Hoc|iPhone.Build.0 = Debug|Any CPU
		{CCEEC157-8B9C-4A1B-8B0C-CAA120A28337}.Ad-Hoc|iPhoneSimulator.ActiveCfg = Debug|Any CPU
		{CCEEC157-8B9C-4A1B-8B0C-CAA120A28337}.Ad-Hoc|iPhoneSimulator.Build.0 = Debug|Any CPU
		{CCEEC157-8B9C-4A1B-8B0C-CAA120A28337}.Ad-Hoc|x64.ActiveCfg = Debug|Any CPU
		{CCEEC157-8B9C-4A1B-8B0C-CAA120A28337}.Ad-Hoc|x64.Build.0 = Debug|Any CPU
		{CCEEC157-8B9C-4A1B-8B0C-CAA120A28337}.Ad-Hoc|x86.ActiveCfg = Debug|Any CPU
		{CCEEC157-8B9C-4A1B-8B0C-CAA120A28337}.Ad-Hoc|x86.Build.0 = Debug|Any CPU
		{CCEEC157-8B9C-4A1B-8B0C-CAA120A28337}.AppStore|Any CPU.ActiveCfg = Debug|Any CPU
		{CCEEC157-8B9C-4A1B-8B0C-CAA120A28337}.AppStore|Any CPU.Build.0 = Debug|Any CPU
		{CCEEC157-8B9C-4A1B-8B0C-CAA120A28337}.AppStore|ARM.ActiveCfg = Debug|Any CPU
		{CCEEC157-8B9C-4A1B-8B0C-CAA120A28337}.AppStore|ARM.Build.0 = Debug|Any CPU
		{CCEEC157-8B9C-4A1B-8B0C-CAA120A28337}.AppStore|ARM64.ActiveCfg = Debug|Any CPU
		{CCEEC157-8B9C-4A1B-8B0C-CAA120A28337}.AppStore|ARM64.Build.0 = Debug|Any CPU
		{CCEEC157-8B9C-4A1B-8B0C-CAA120A28337}.AppStore|iPhone.ActiveCfg = Debug|Any CPU
		{CCEEC157-8B9C-4A1B-8B0C-CAA120A28337}.AppStore|iPhone.Build.0 = Debug|Any CPU
		{CCEEC157-8B9C-4A1B-8B0C-CAA120A28337}.AppStore|iPhoneSimulator.ActiveCfg = Debug|Any CPU
		{CCEEC157-8B9C-4A1B-8B0C-CAA120A28337}.AppStore|iPhoneSimulator.Build.0 = Debug|Any CPU
		{CCEEC157-8B9C-4A1B-8B0C-CAA120A28337}.AppStore|x64.ActiveCfg = Debug|Any CPU
		{CCEEC157-8B9C-4A1B-8B0C-CAA120A28337}.AppStore|x64.Build.0 = Debug|Any CPU
		{CCEEC157-8B9C-4A1B-8B0C-CAA120A28337}.AppStore|x86.ActiveCfg = Debug|Any CPU
		{CCEEC157-8B9C-4A1B-8B0C-CAA120A28337}.AppStore|x86.Build.0 = Debug|Any CPU
		{CCEEC157-8B9C-4A1B-8B0C-CAA120A28337}.Blazor|Any CPU.ActiveCfg = Debug|Any CPU
		{CCEEC157-8B9C-4A1B-8B0C-CAA120A28337}.Blazor|Any CPU.Build.0 = Debug|Any CPU
		{CCEEC157-8B9C-4A1B-8B0C-CAA120A28337}.Blazor|ARM.ActiveCfg = Debug|Any CPU
		{CCEEC157-8B9C-4A1B-8B0C-CAA120A28337}.Blazor|ARM.Build.0 = Debug|Any CPU
		{CCEEC157-8B9C-4A1B-8B0C-CAA120A28337}.Blazor|ARM64.ActiveCfg = Debug|Any CPU
		{CCEEC157-8B9C-4A1B-8B0C-CAA120A28337}.Blazor|ARM64.Build.0 = Debug|Any CPU
		{CCEEC157-8B9C-4A1B-8B0C-CAA120A28337}.Blazor|iPhone.ActiveCfg = Debug|Any CPU
		{CCEEC157-8B9C-4A1B-8B0C-CAA120A28337}.Blazor|iPhone.Build.0 = Debug|Any CPU
		{CCEEC157-8B9C-4A1B-8B0C-CAA120A28337}.Blazor|iPhoneSimulator.ActiveCfg = Debug|Any CPU
		{CCEEC157-8B9C-4A1B-8B0C-CAA120A28337}.Blazor|iPhoneSimulator.Build.0 = Debug|Any CPU
		{CCEEC157-8B9C-4A1B-8B0C-CAA120A28337}.Blazor|x64.ActiveCfg = Debug|Any CPU
		{CCEEC157-8B9C-4A1B-8B0C-CAA120A28337}.Blazor|x64.Build.0 = Debug|Any CPU
		{CCEEC157-8B9C-4A1B-8B0C-CAA120A28337}.Blazor|x86.ActiveCfg = Debug|Any CPU
		{CCEEC157-8B9C-4A1B-8B0C-CAA120A28337}.Blazor|x86.Build.0 = Debug|Any CPU
		{CCEEC157-8B9C-4A1B-8B0C-CAA120A28337}.Debug|Any CPU.ActiveCfg = Debug|Any CPU
		{CCEEC157-8B9C-4A1B-8B0C-CAA120A28337}.Debug|Any CPU.Build.0 = Debug|Any CPU
		{CCEEC157-8B9C-4A1B-8B0C-CAA120A28337}.Debug|ARM.ActiveCfg = Debug|Any CPU
		{CCEEC157-8B9C-4A1B-8B0C-CAA120A28337}.Debug|ARM.Build.0 = Debug|Any CPU
		{CCEEC157-8B9C-4A1B-8B0C-CAA120A28337}.Debug|ARM64.ActiveCfg = Debug|Any CPU
		{CCEEC157-8B9C-4A1B-8B0C-CAA120A28337}.Debug|ARM64.Build.0 = Debug|Any CPU
		{CCEEC157-8B9C-4A1B-8B0C-CAA120A28337}.Debug|iPhone.ActiveCfg = Debug|Any CPU
		{CCEEC157-8B9C-4A1B-8B0C-CAA120A28337}.Debug|iPhone.Build.0 = Debug|Any CPU
		{CCEEC157-8B9C-4A1B-8B0C-CAA120A28337}.Debug|iPhoneSimulator.ActiveCfg = Debug|Any CPU
		{CCEEC157-8B9C-4A1B-8B0C-CAA120A28337}.Debug|iPhoneSimulator.Build.0 = Debug|Any CPU
		{CCEEC157-8B9C-4A1B-8B0C-CAA120A28337}.Debug|x64.ActiveCfg = Debug|Any CPU
		{CCEEC157-8B9C-4A1B-8B0C-CAA120A28337}.Debug|x64.Build.0 = Debug|Any CPU
		{CCEEC157-8B9C-4A1B-8B0C-CAA120A28337}.Debug|x86.ActiveCfg = Debug|Any CPU
		{CCEEC157-8B9C-4A1B-8B0C-CAA120A28337}.Debug|x86.Build.0 = Debug|Any CPU
		{CCEEC157-8B9C-4A1B-8B0C-CAA120A28337}.Release|Any CPU.ActiveCfg = Release|Any CPU
		{CCEEC157-8B9C-4A1B-8B0C-CAA120A28337}.Release|Any CPU.Build.0 = Release|Any CPU
		{CCEEC157-8B9C-4A1B-8B0C-CAA120A28337}.Release|ARM.ActiveCfg = Release|Any CPU
		{CCEEC157-8B9C-4A1B-8B0C-CAA120A28337}.Release|ARM.Build.0 = Release|Any CPU
		{CCEEC157-8B9C-4A1B-8B0C-CAA120A28337}.Release|ARM64.ActiveCfg = Release|Any CPU
		{CCEEC157-8B9C-4A1B-8B0C-CAA120A28337}.Release|ARM64.Build.0 = Release|Any CPU
		{CCEEC157-8B9C-4A1B-8B0C-CAA120A28337}.Release|iPhone.ActiveCfg = Release|Any CPU
		{CCEEC157-8B9C-4A1B-8B0C-CAA120A28337}.Release|iPhone.Build.0 = Release|Any CPU
		{CCEEC157-8B9C-4A1B-8B0C-CAA120A28337}.Release|iPhoneSimulator.ActiveCfg = Release|Any CPU
		{CCEEC157-8B9C-4A1B-8B0C-CAA120A28337}.Release|iPhoneSimulator.Build.0 = Release|Any CPU
		{CCEEC157-8B9C-4A1B-8B0C-CAA120A28337}.Release|x64.ActiveCfg = Release|Any CPU
		{CCEEC157-8B9C-4A1B-8B0C-CAA120A28337}.Release|x64.Build.0 = Release|Any CPU
		{CCEEC157-8B9C-4A1B-8B0C-CAA120A28337}.Release|x86.ActiveCfg = Release|Any CPU
		{CCEEC157-8B9C-4A1B-8B0C-CAA120A28337}.Release|x86.Build.0 = Release|Any CPU
	EndGlobalSection
	GlobalSection(SolutionProperties) = preSolution
		HideSolutionNode = FALSE
	EndGlobalSection
	GlobalSection(NestedProjects) = preSolution
		{243A95C3-4E54-44AC-A4AF-9F58DE29542E} = {075822BE-1D39-4F1B-865B-74515CB93281}
		{B25BF5FA-6EBF-4FDE-AF34-260EEB405C54} = {C0B132FA-CD1E-406A-9121-46985BBCD971}
		{8F9CB867-EDB1-49ED-9F0A-92E3789BC28F} = {C0B132FA-CD1E-406A-9121-46985BBCD971}
		{4CEEC18C-8449-454A-BDAB-D0AEC641F753} = {C0B132FA-CD1E-406A-9121-46985BBCD971}
		{75998859-E2E1-417E-8AE0-8A59EB6FE297} = {C0B132FA-CD1E-406A-9121-46985BBCD971}
		{2D497D17-1289-4DB6-84E3-29B18E650BEA} = {C66EC205-358D-4787-9D09-3500EAF1131A}
		{AA53EF41-8597-409F-A813-37B4E2C4B65D} = {D4BC3A5D-C230-4A20-B96A-B6917A2C62CC}
		{0C0B69A7-7DA7-4EBB-8842-70301FBF7925} = {D4BC3A5D-C230-4A20-B96A-B6917A2C62CC}
		{C6A6BA94-897C-48B5-8046-3DF33897BA94} = {D4BC3A5D-C230-4A20-B96A-B6917A2C62CC}
		{FD6C4559-5E95-43E9-A810-FC338391BE0A} = {D4BC3A5D-C230-4A20-B96A-B6917A2C62CC}
		{DD943C1C-E8DE-4673-BCF4-CF274E06E36B} = {D4BC3A5D-C230-4A20-B96A-B6917A2C62CC}
		{0701BD1E-31A3-48E6-81B9-9C5B00584909} = {D4BC3A5D-C230-4A20-B96A-B6917A2C62CC}
		{CCEEC157-8B9C-4A1B-8B0C-CAA120A28337} = {D4BC3A5D-C230-4A20-B96A-B6917A2C62CC}
	EndGlobalSection
	GlobalSection(ExtensibilityGlobals) = postSolution
		SolutionGuid = {9DDC9937-682F-4CB7-A728-710C75A49030}
	EndGlobalSection
EndGlobal
